[[package]]
name = "atomicwrites"
version = "1.4.0"
description = "Atomic file writes."
category = "main"
optional = false
python-versions = ">=2.7, !=3.0.*, !=3.1.*, !=3.2.*, !=3.3.*"

[[package]]
name = "attrs"
version = "21.2.0"
description = "Classes Without Boilerplate"
category = "main"
optional = false
python-versions = ">=2.7, !=3.0.*, !=3.1.*, !=3.2.*, !=3.3.*, !=3.4.*"

[package.extras]
dev = ["coverage[toml] (>=5.0.2)", "hypothesis", "pympler", "pytest (>=4.3.0)", "six", "mypy", "pytest-mypy-plugins", "zope.interface", "furo", "sphinx", "sphinx-notfound-page", "pre-commit"]
docs = ["furo", "sphinx", "zope.interface", "sphinx-notfound-page"]
tests = ["coverage[toml] (>=5.0.2)", "hypothesis", "pympler", "pytest (>=4.3.0)", "six", "mypy", "pytest-mypy-plugins", "zope.interface"]
tests_no_zope = ["coverage[toml] (>=5.0.2)", "hypothesis", "pympler", "pytest (>=4.3.0)", "six", "mypy", "pytest-mypy-plugins"]

[[package]]
name = "bidict"
version = "0.21.4"
description = "The bidirectional mapping library for Python."
category = "main"
optional = false
python-versions = ">=3.6"

[[package]]
name = "colorama"
version = "0.4.4"
description = "Cross-platform colored terminal text."
category = "main"
optional = false
python-versions = ">=2.7, !=3.0.*, !=3.1.*, !=3.2.*, !=3.3.*, !=3.4.*"

[[package]]
name = "dfa"
version = "4.2.0"
description = "Python library for modeling DFAs, Moore Machines, and Transition Systems."
category = "main"
optional = false
python-versions = ">=3.9,<4.0"

[package.dependencies]
attrs = ">=21.0.0,<22.0.0"
bidict = ">=0.21.4,<0.22.0"
funcy = ">=1.12,<2.0"
lazytree = ">=0.3.1,<0.4.0"
pytest-xdist = ">=2.1.0,<3.0.0"

[package.extras]
draw = ["pydot (>=1.4,<2.0)"]

[[package]]
name = "execnet"
version = "1.9.0"
description = "execnet: rapid multi-Python deployment"
category = "main"
optional = false
python-versions = ">=2.7, !=3.0.*, !=3.1.*, !=3.2.*, !=3.3.*, !=3.4.*"

[package.extras]
testing = ["pre-commit"]

[[package]]
name = "flake8"
version = "4.0.1"
description = "the modular source code checker: pep8 pyflakes and co"
category = "dev"
optional = false
python-versions = ">=3.6"

[package.dependencies]
mccabe = ">=0.6.0,<0.7.0"
pycodestyle = ">=2.8.0,<2.9.0"
pyflakes = ">=2.4.0,<2.5.0"

[[package]]
name = "funcy"
version = "1.16"
description = "A fancy and practical functional tools"
category = "main"
optional = false
python-versions = "*"

[[package]]
name = "importlib-metadata"
version = "4.8.2"
description = "Read metadata from Python packages"
category = "dev"
optional = false
python-versions = ">=3.6"

[package.dependencies]
zipp = ">=0.5"

[package.extras]
docs = ["sphinx", "jaraco.packaging (>=8.2)", "rst.linker (>=1.9)"]
perf = ["ipython"]
testing = ["pytest (>=6)", "pytest-checkdocs (>=2.4)", "pytest-flake8", "pytest-cov", "pytest-enabler (>=1.0.1)", "packaging", "pep517", "pyfakefs", "flufl.flake8", "pytest-perf (>=0.9.2)", "pytest-black (>=0.3.7)", "pytest-mypy", "importlib-resources (>=1.3)"]

[[package]]
name = "iniconfig"
version = "1.1.1"
description = "iniconfig: brain-dead simple config-ini parsing"
category = "main"
optional = false
python-versions = "*"

[[package]]
name = "lazytree"
version = "0.3.3"
description = "Python library for manipulating infinite trees."
category = "main"
optional = false
python-versions = ">=3.6,<4.0"

[package.dependencies]
attrs = ">=21.0.0,<22.0.0"
funcy = ">=1.12,<2.0"

[[package]]
name = "mako"
version = "1.1.6"
description = "A super-fast templating language that borrows the  best ideas from the existing templating languages."
category = "dev"
optional = false
python-versions = ">=2.7, !=3.0.*, !=3.1.*, !=3.2.*, !=3.3.*"

[package.dependencies]
MarkupSafe = ">=0.9.2"

[package.extras]
babel = ["babel"]
lingua = ["lingua"]

[[package]]
name = "markdown"
version = "3.3.6"
description = "Python implementation of Markdown."
category = "dev"
optional = false
python-versions = ">=3.6"

[package.dependencies]
importlib-metadata = {version = ">=4.4", markers = "python_version < \"3.10\""}

[package.extras]
testing = ["coverage", "pyyaml"]

[[package]]
name = "markupsafe"
version = "2.0.1"
description = "Safely add untrusted strings to HTML/XML markup."
category = "dev"
optional = false
python-versions = ">=3.6"

[[package]]
name = "mccabe"
version = "0.6.1"
description = "McCabe checker, plugin for flake8"
category = "dev"
optional = false
python-versions = "*"

[[package]]
name = "networkx"
version = "2.6.3"
description = "Python package for creating and manipulating graphs and networks"
category = "main"
optional = false
python-versions = ">=3.7"

[package.extras]
default = ["numpy (>=1.19)", "scipy (>=1.5,!=1.6.1)", "matplotlib (>=3.3)", "pandas (>=1.1)"]
developer = ["black (==21.5b1)", "pre-commit (>=2.12)"]
doc = ["sphinx (>=4.0,<5.0)", "pydata-sphinx-theme (>=0.6,<1.0)", "sphinx-gallery (>=0.9,<1.0)", "numpydoc (>=1.1)", "pillow (>=8.2)", "nb2plots (>=0.6)", "texext (>=0.6.6)"]
extra = ["lxml (>=4.5)", "pygraphviz (>=1.7)", "pydot (>=1.4.1)"]
test = ["pytest (>=6.2)", "pytest-cov (>=2.12)", "codecov (>=2.1)"]

[[package]]
name = "packaging"
version = "21.3"
description = "Core utilities for Python packages"
category = "main"
optional = false
python-versions = ">=3.6"

[package.dependencies]
pyparsing = ">=2.0.2,<3.0.5 || >3.0.5"

[[package]]
name = "pdoc3"
version = "0.9.2"
description = "Auto-generate API documentation for Python projects."
category = "dev"
optional = false
python-versions = ">= 3.5"

[package.dependencies]
mako = "*"
markdown = ">=3.0"

[[package]]
name = "pluggy"
version = "1.0.0"
description = "plugin and hook calling mechanisms for python"
category = "main"
optional = false
python-versions = ">=3.6"

[package.extras]
dev = ["pre-commit", "tox"]
testing = ["pytest", "pytest-benchmark"]

[[package]]
name = "py"
version = "1.11.0"
description = "library with cross-python path, ini-parsing, io, code, log facilities"
category = "main"
optional = false
python-versions = ">=2.7, !=3.0.*, !=3.1.*, !=3.2.*, !=3.3.*, !=3.4.*"

[[package]]
name = "pycodestyle"
version = "2.8.0"
description = "Python style guide checker"
category = "dev"
optional = false
python-versions = ">=2.7, !=3.0.*, !=3.1.*, !=3.2.*, !=3.3.*, !=3.4.*"

[[package]]
name = "pydot"
version = "1.4.2"
description = "Python interface to Graphviz's Dot"
category = "dev"
optional = false
python-versions = ">=2.7, !=3.0.*, !=3.1.*, !=3.2.*, !=3.3.*"

[package.dependencies]
pyparsing = ">=2.1.4"

[[package]]
name = "pyflakes"
version = "2.4.0"
description = "passive checker of Python programs"
category = "dev"
optional = false
python-versions = ">=2.7, !=3.0.*, !=3.1.*, !=3.2.*, !=3.3.*"

[[package]]
name = "pyparsing"
version = "3.0.6"
description = "Python parsing module"
category = "main"
optional = false
python-versions = ">=3.6"

[package.extras]
diagrams = ["jinja2", "railroad-diagrams"]

[[package]]
name = "pytest"
version = "6.2.5"
description = "pytest: simple powerful testing with Python"
category = "main"
optional = false
python-versions = ">=3.6"

[package.dependencies]
atomicwrites = {version = ">=1.0", markers = "sys_platform == \"win32\""}
attrs = ">=19.2.0"
colorama = {version = "*", markers = "sys_platform == \"win32\""}
iniconfig = "*"
packaging = "*"
pluggy = ">=0.12,<2.0"
py = ">=1.8.2"
toml = "*"

[package.extras]
testing = ["argcomplete", "hypothesis (>=3.56)", "mock", "nose", "requests", "xmlschema"]

[[package]]
name = "pytest-flake8"
version = "1.0.7"
description = "pytest plugin to check FLAKE8 requirements"
category = "dev"
optional = false
python-versions = "*"

[package.dependencies]
flake8 = ">=3.5"
pytest = ">=3.5"

[[package]]
name = "pytest-forked"
version = "1.3.0"
description = "run tests in isolated forked subprocesses"
category = "main"
optional = false
python-versions = ">=2.7, !=3.0.*, !=3.1.*, !=3.2.*, !=3.3.*, !=3.4.*"

[package.dependencies]
py = "*"
pytest = ">=3.10"

[[package]]
name = "pytest-xdist"
version = "2.4.0"
description = "pytest xdist plugin for distributed testing and loop-on-failing modes"
category = "main"
optional = false
python-versions = ">=3.6"

[package.dependencies]
execnet = ">=1.1"
pytest = ">=6.0.0"
pytest-forked = "*"

[package.extras]
psutil = ["psutil (>=3.0)"]
setproctitle = ["setproctitle"]
testing = ["filelock"]

[[package]]
name = "python-sat"
version = "0.1.7.dev14"
description = "A Python library for prototyping with SAT oracles"
category = "main"
optional = false
python-versions = "*"

[package.dependencies]
six = "*"

[package.extras]
aiger = ["py-aiger-cnf (>=2.0.0)"]
pblib = ["pypblib (>=0.0.3)"]

[[package]]
name = "six"
version = "1.16.0"
description = "Python 2 and 3 compatibility utilities"
category = "main"
optional = false
python-versions = ">=2.7, !=3.0.*, !=3.1.*, !=3.2.*"

[[package]]
name = "toml"
version = "0.10.2"
description = "Python Library for Tom's Obvious, Minimal Language"
category = "main"
optional = false
python-versions = ">=2.6, !=3.0.*, !=3.1.*, !=3.2.*"

[[package]]
name = "zipp"
version = "3.6.0"
description = "Backport of pathlib-compatible object wrapper for zip files"
category = "dev"
optional = false
python-versions = ">=3.6"

[package.extras]
docs = ["sphinx", "jaraco.packaging (>=8.2)", "rst.linker (>=1.9)"]
testing = ["pytest (>=4.6)", "pytest-checkdocs (>=2.4)", "pytest-flake8", "pytest-cov", "pytest-enabler (>=1.0.1)", "jaraco.itertools", "func-timeout", "pytest-black (>=0.3.7)", "pytest-mypy"]

[metadata]
lock-version = "1.1"
python-versions = "^3.9"
content-hash = "ef63909c84216cf2eb36c06b432e7bed92bd6ea7a3a151482f88be3f4a8804f4"

[metadata.files]
atomicwrites = [
    {file = "atomicwrites-1.4.0-py2.py3-none-any.whl", hash = "sha256:6d1784dea7c0c8d4a5172b6c620f40b6e4cbfdf96d783691f2e1302a7b88e197"},
    {file = "atomicwrites-1.4.0.tar.gz", hash = "sha256:ae70396ad1a434f9c7046fd2dd196fc04b12f9e91ffb859164193be8b6168a7a"},
]
attrs = [
    {file = "attrs-21.2.0-py2.py3-none-any.whl", hash = "sha256:149e90d6d8ac20db7a955ad60cf0e6881a3f20d37096140088356da6c716b0b1"},
    {file = "attrs-21.2.0.tar.gz", hash = "sha256:ef6aaac3ca6cd92904cdd0d83f629a15f18053ec84e6432106f7a4d04ae4f5fb"},
]
bidict = [
    {file = "bidict-0.21.4-py3-none-any.whl", hash = "sha256:3ac67daa353ecf853a1df9d3e924f005e729227a60a8dbada31a4c31aba7f654"},
    {file = "bidict-0.21.4.tar.gz", hash = "sha256:42c84ffbe6f8de898af6073b4be9ea7ccedcd78d3474aa844c54e49d5a079f6f"},
]
colorama = [
    {file = "colorama-0.4.4-py2.py3-none-any.whl", hash = "sha256:9f47eda37229f68eee03b24b9748937c7dc3868f906e8ba69fbcbdd3bc5dc3e2"},
    {file = "colorama-0.4.4.tar.gz", hash = "sha256:5941b2b48a20143d2267e95b1c2a7603ce057ee39fd88e7329b0c292aa16869b"},
]
dfa = [
    {file = "dfa-4.2.0-py3-none-any.whl", hash = "sha256:f15d484989af17f8cd52e8321204479cfc2eba95acc01b179839517c36630532"},
    {file = "dfa-4.2.0.tar.gz", hash = "sha256:9e53818f81c17f42716089892c49c5900a836c99bf9926952e0c2498e06bcb66"},
]
execnet = [
    {file = "execnet-1.9.0-py2.py3-none-any.whl", hash = "sha256:a295f7cc774947aac58dde7fdc85f4aa00c42adf5d8f5468fc630c1acf30a142"},
    {file = "execnet-1.9.0.tar.gz", hash = "sha256:8f694f3ba9cc92cab508b152dcfe322153975c29bda272e2fd7f3f00f36e47c5"},
]
flake8 = [
    {file = "flake8-4.0.1-py2.py3-none-any.whl", hash = "sha256:479b1304f72536a55948cb40a32dce8bb0ffe3501e26eaf292c7e60eb5e0428d"},
    {file = "flake8-4.0.1.tar.gz", hash = "sha256:806e034dda44114815e23c16ef92f95c91e4c71100ff52813adf7132a6ad870d"},
]
funcy = [
    {file = "funcy-1.16-py2.py3-none-any.whl", hash = "sha256:1d3fc5d42cf7564a6b2be04042d0df7a50c77903cf760a34786d0c9ebd659b25"},
    {file = "funcy-1.16.tar.gz", hash = "sha256:2775409b7dc9106283f1224d97e6df5f2c02e7291c8caed72764f5a115dffb50"},
]
importlib-metadata = [
    {file = "importlib_metadata-4.8.2-py3-none-any.whl", hash = "sha256:53ccfd5c134223e497627b9815d5030edf77d2ed573922f7a0b8f8bb81a1c100"},
    {file = "importlib_metadata-4.8.2.tar.gz", hash = "sha256:75bdec14c397f528724c1bfd9709d660b33a4d2e77387a3358f20b848bb5e5fb"},
]
iniconfig = [
    {file = "iniconfig-1.1.1-py2.py3-none-any.whl", hash = "sha256:011e24c64b7f47f6ebd835bb12a743f2fbe9a26d4cecaa7f53bc4f35ee9da8b3"},
    {file = "iniconfig-1.1.1.tar.gz", hash = "sha256:bc3af051d7d14b2ee5ef9969666def0cd1a000e121eaea580d4a313df4b37f32"},
]
lazytree = [
    {file = "lazytree-0.3.3-py3-none-any.whl", hash = "sha256:9c4854e6c9b6f51f72ea873247d5e876c3ec6ac3b10b41237e8b961c4179e02b"},
    {file = "lazytree-0.3.3.tar.gz", hash = "sha256:8dd5b1b996157848796521758ad8e1da562a6e6419ceb3ade0d1d2f987a03726"},
]
mako = [
    {file = "Mako-1.1.6-py2.py3-none-any.whl", hash = "sha256:afaf8e515d075b22fad7d7b8b30e4a1c90624ff2f3733a06ec125f5a5f043a57"},
    {file = "Mako-1.1.6.tar.gz", hash = "sha256:4e9e345a41924a954251b95b4b28e14a301145b544901332e658907a7464b6b2"},
]
markdown = [
    {file = "Markdown-3.3.6-py3-none-any.whl", hash = "sha256:9923332318f843411e9932237530df53162e29dc7a4e2b91e35764583c46c9a3"},
    {file = "Markdown-3.3.6.tar.gz", hash = "sha256:76df8ae32294ec39dcf89340382882dfa12975f87f45c3ed1ecdb1e8cefc7006"},
]
markupsafe = [
    {file = "MarkupSafe-2.0.1-cp36-cp36m-macosx_10_9_x86_64.whl", hash = "sha256:f9081981fe268bd86831e5c75f7de206ef275defcb82bc70740ae6dc507aee51"},
    {file = "MarkupSafe-2.0.1-cp36-cp36m-manylinux1_i686.whl", hash = "sha256:0955295dd5eec6cb6cc2fe1698f4c6d84af2e92de33fbcac4111913cd100a6ff"},
    {file = "MarkupSafe-2.0.1-cp36-cp36m-manylinux1_x86_64.whl", hash = "sha256:0446679737af14f45767963a1a9ef7620189912317d095f2d9ffa183a4d25d2b"},
    {file = "MarkupSafe-2.0.1-cp36-cp36m-manylinux2010_i686.whl", hash = "sha256:f826e31d18b516f653fe296d967d700fddad5901ae07c622bb3705955e1faa94"},
    {file = "MarkupSafe-2.0.1-cp36-cp36m-manylinux2010_x86_64.whl", hash = "sha256:fa130dd50c57d53368c9d59395cb5526eda596d3ffe36666cd81a44d56e48872"},
    {file = "MarkupSafe-2.0.1-cp36-cp36m-manylinux2014_aarch64.whl", hash = "sha256:905fec760bd2fa1388bb5b489ee8ee5f7291d692638ea5f67982d968366bef9f"},
    {file = "MarkupSafe-2.0.1-cp36-cp36m-win32.whl", hash = "sha256:6c4ca60fa24e85fe25b912b01e62cb969d69a23a5d5867682dd3e80b5b02581d"},
    {file = "MarkupSafe-2.0.1-cp36-cp36m-win_amd64.whl", hash = "sha256:b2f4bf27480f5e5e8ce285a8c8fd176c0b03e93dcc6646477d4630e83440c6a9"},
    {file = "MarkupSafe-2.0.1-cp37-cp37m-macosx_10_9_x86_64.whl", hash = "sha256:0717a7390a68be14b8c793ba258e075c6f4ca819f15edfc2a3a027c823718567"},
    {file = "MarkupSafe-2.0.1-cp37-cp37m-manylinux1_i686.whl", hash = "sha256:6557b31b5e2c9ddf0de32a691f2312a32f77cd7681d8af66c2692efdbef84c18"},
    {file = "MarkupSafe-2.0.1-cp37-cp37m-manylinux1_x86_64.whl", hash = "sha256:49e3ceeabbfb9d66c3aef5af3a60cc43b85c33df25ce03d0031a608b0a8b2e3f"},
    {file = "MarkupSafe-2.0.1-cp37-cp37m-manylinux2010_i686.whl", hash = "sha256:d7f9850398e85aba693bb640262d3611788b1f29a79f0c93c565694658f4071f"},
    {file = "MarkupSafe-2.0.1-cp37-cp37m-manylinux2010_x86_64.whl", hash = "sha256:6a7fae0dd14cf60ad5ff42baa2e95727c3d81ded453457771d02b7d2b3f9c0c2"},
    {file = "MarkupSafe-2.0.1-cp37-cp37m-manylinux2014_aarch64.whl", hash = "sha256:b7f2d075102dc8c794cbde1947378051c4e5180d52d276987b8d28a3bd58c17d"},
    {file = "MarkupSafe-2.0.1-cp37-cp37m-win32.whl", hash = "sha256:a30e67a65b53ea0a5e62fe23682cfe22712e01f453b95233b25502f7c61cb415"},
    {file = "MarkupSafe-2.0.1-cp37-cp37m-win_amd64.whl", hash = "sha256:611d1ad9a4288cf3e3c16014564df047fe08410e628f89805e475368bd304914"},
    {file = "MarkupSafe-2.0.1-cp38-cp38-macosx_10_9_x86_64.whl", hash = "sha256:be98f628055368795d818ebf93da628541e10b75b41c559fdf36d104c5787066"},
    {file = "MarkupSafe-2.0.1-cp38-cp38-manylinux1_i686.whl", hash = "sha256:1d609f577dc6e1aa17d746f8bd3c31aa4d258f4070d61b2aa5c4166c1539de35"},
    {file = "MarkupSafe-2.0.1-cp38-cp38-manylinux1_x86_64.whl", hash = "sha256:7d91275b0245b1da4d4cfa07e0faedd5b0812efc15b702576d103293e252af1b"},
    {file = "MarkupSafe-2.0.1-cp38-cp38-manylinux2010_i686.whl", hash = "sha256:01a9b8ea66f1658938f65b93a85ebe8bc016e6769611be228d797c9d998dd298"},
    {file = "MarkupSafe-2.0.1-cp38-cp38-manylinux2010_x86_64.whl", hash = "sha256:47ab1e7b91c098ab893b828deafa1203de86d0bc6ab587b160f78fe6c4011f75"},
    {file = "MarkupSafe-2.0.1-cp38-cp38-manylinux2014_aarch64.whl", hash = "sha256:97383d78eb34da7e1fa37dd273c20ad4320929af65d156e35a5e2d89566d9dfb"},
    {file = "MarkupSafe-2.0.1-cp38-cp38-win32.whl", hash = "sha256:023cb26ec21ece8dc3907c0e8320058b2e0cb3c55cf9564da612bc325bed5e64"},
    {file = "MarkupSafe-2.0.1-cp38-cp38-win_amd64.whl", hash = "sha256:984d76483eb32f1bcb536dc27e4ad56bba4baa70be32fa87152832cdd9db0833"},
    {file = "MarkupSafe-2.0.1-cp39-cp39-macosx_10_9_universal2.whl", hash = "sha256:2ef54abee730b502252bcdf31b10dacb0a416229b72c18b19e24a4509f273d26"},
    {file = "MarkupSafe-2.0.1-cp39-cp39-macosx_10_9_x86_64.whl", hash = "sha256:3c112550557578c26af18a1ccc9e090bfe03832ae994343cfdacd287db6a6ae7"},
    {file = "MarkupSafe-2.0.1-cp39-cp39-manylinux1_i686.whl", hash = "sha256:53edb4da6925ad13c07b6d26c2a852bd81e364f95301c66e930ab2aef5b5ddd8"},
    {file = "MarkupSafe-2.0.1-cp39-cp39-manylinux1_x86_64.whl", hash = "sha256:f5653a225f31e113b152e56f154ccbe59eeb1c7487b39b9d9f9cdb58e6c79dc5"},
    {file = "MarkupSafe-2.0.1-cp39-cp39-manylinux2010_i686.whl", hash = "sha256:4efca8f86c54b22348a5467704e3fec767b2db12fc39c6d963168ab1d3fc9135"},
    {file = "MarkupSafe-2.0.1-cp39-cp39-manylinux2010_x86_64.whl", hash = "sha256:ab3ef638ace319fa26553db0624c4699e31a28bb2a835c5faca8f8acf6a5a902"},
    {file = "MarkupSafe-2.0.1-cp39-cp39-manylinux2014_aarch64.whl", hash = "sha256:f8ba0e8349a38d3001fae7eadded3f6606f0da5d748ee53cc1dab1d6527b9509"},
    {file = "MarkupSafe-2.0.1-cp39-cp39-win32.whl", hash = "sha256:10f82115e21dc0dfec9ab5c0223652f7197feb168c940f3ef61563fc2d6beb74"},
    {file = "MarkupSafe-2.0.1-cp39-cp39-win_amd64.whl", hash = "sha256:693ce3f9e70a6cf7d2fb9e6c9d8b204b6b39897a2c4a1aa65728d5ac97dcc1d8"},
    {file = "MarkupSafe-2.0.1.tar.gz", hash = "sha256:594c67807fb16238b30c44bdf74f36c02cdf22d1c8cda91ef8a0ed8dabf5620a"},
]
mccabe = [
    {file = "mccabe-0.6.1-py2.py3-none-any.whl", hash = "sha256:ab8a6258860da4b6677da4bd2fe5dc2c659cff31b3ee4f7f5d64e79735b80d42"},
    {file = "mccabe-0.6.1.tar.gz", hash = "sha256:dd8d182285a0fe56bace7f45b5e7d1a6ebcbf524e8f3bd87eb0f125271b8831f"},
]
networkx = [
    {file = "networkx-2.6.3-py3-none-any.whl", hash = "sha256:80b6b89c77d1dfb64a4c7854981b60aeea6360ac02c6d4e4913319e0a313abef"},
    {file = "networkx-2.6.3.tar.gz", hash = "sha256:c0946ed31d71f1b732b5aaa6da5a0388a345019af232ce2f49c766e2d6795c51"},
]
packaging = [
    {file = "packaging-21.3-py3-none-any.whl", hash = "sha256:ef103e05f519cdc783ae24ea4e2e0f508a9c99b2d4969652eed6a2e1ea5bd522"},
    {file = "packaging-21.3.tar.gz", hash = "sha256:dd47c42927d89ab911e606518907cc2d3a1f38bbd026385970643f9c5b8ecfeb"},
]
pdoc3 = [
    {file = "pdoc3-0.9.2.tar.gz", hash = "sha256:9df5d931f25f353c69c46819a3bd03ef96dd286f2a70bb1b93a23a781f91faa1"},
]
pluggy = [
    {file = "pluggy-1.0.0-py2.py3-none-any.whl", hash = "sha256:74134bbf457f031a36d68416e1509f34bd5ccc019f0bcc952c7b909d06b37bd3"},
    {file = "pluggy-1.0.0.tar.gz", hash = "sha256:4224373bacce55f955a878bf9cfa763c1e360858e330072059e10bad68531159"},
]
py = [
    {file = "py-1.11.0-py2.py3-none-any.whl", hash = "sha256:607c53218732647dff4acdfcd50cb62615cedf612e72d1724fb1a0cc6405b378"},
    {file = "py-1.11.0.tar.gz", hash = "sha256:51c75c4126074b472f746a24399ad32f6053d1b34b68d2fa41e558e6f4a98719"},
]
pycodestyle = [
    {file = "pycodestyle-2.8.0-py2.py3-none-any.whl", hash = "sha256:720f8b39dde8b293825e7ff02c475f3077124006db4f440dcbc9a20b76548a20"},
    {file = "pycodestyle-2.8.0.tar.gz", hash = "sha256:eddd5847ef438ea1c7870ca7eb78a9d47ce0cdb4851a5523949f2601d0cbbe7f"},
]
pydot = [
    {file = "pydot-1.4.2-py2.py3-none-any.whl", hash = "sha256:66c98190c65b8d2e2382a441b4c0edfdb4f4c025ef9cb9874de478fb0793a451"},
    {file = "pydot-1.4.2.tar.gz", hash = "sha256:248081a39bcb56784deb018977e428605c1c758f10897a339fce1dd728ff007d"},
]
pyflakes = [
    {file = "pyflakes-2.4.0-py2.py3-none-any.whl", hash = "sha256:3bb3a3f256f4b7968c9c788781e4ff07dce46bdf12339dcda61053375426ee2e"},
    {file = "pyflakes-2.4.0.tar.gz", hash = "sha256:05a85c2872edf37a4ed30b0cce2f6093e1d0581f8c19d7393122da7e25b2b24c"},
]
pyparsing = [
    {file = "pyparsing-3.0.6-py3-none-any.whl", hash = "sha256:04ff808a5b90911829c55c4e26f75fa5ca8a2f5f36aa3a51f68e27033341d3e4"},
    {file = "pyparsing-3.0.6.tar.gz", hash = "sha256:d9bdec0013ef1eb5a84ab39a3b3868911598afa494f5faa038647101504e2b81"},
]
pytest = [
    {file = "pytest-6.2.5-py3-none-any.whl", hash = "sha256:7310f8d27bc79ced999e760ca304d69f6ba6c6649c0b60fb0e04a4a77cacc134"},
    {file = "pytest-6.2.5.tar.gz", hash = "sha256:131b36680866a76e6781d13f101efb86cf674ebb9762eb70d3082b6f29889e89"},
]
pytest-flake8 = [
    {file = "pytest-flake8-1.0.7.tar.gz", hash = "sha256:f0259761a903563f33d6f099914afef339c085085e643bee8343eb323b32dd6b"},
    {file = "pytest_flake8-1.0.7-py2.py3-none-any.whl", hash = "sha256:c28cf23e7d359753c896745fd4ba859495d02e16c84bac36caa8b1eec58f5bc1"},
]
pytest-forked = [
    {file = "pytest-forked-1.3.0.tar.gz", hash = "sha256:6aa9ac7e00ad1a539c41bec6d21011332de671e938c7637378ec9710204e37ca"},
    {file = "pytest_forked-1.3.0-py2.py3-none-any.whl", hash = "sha256:dc4147784048e70ef5d437951728825a131b81714b398d5d52f17c7c144d8815"},
]
pytest-xdist = [
    {file = "pytest-xdist-2.4.0.tar.gz", hash = "sha256:89b330316f7fc475f999c81b577c2b926c9569f3d397ae432c0c2e2496d61ff9"},
    {file = "pytest_xdist-2.4.0-py3-none-any.whl", hash = "sha256:7b61ebb46997a0820a263553179d6d1e25a8c50d8a8620cd1aa1e20e3be99168"},
]
python-sat = [
    {file = "python-sat-0.1.7.dev14.tar.gz", hash = "sha256:338bc017598ba014759a1c216c88db3b7e40806c55d3cdf17f31355997c2023a"},
    {file = "python_sat-0.1.7.dev14-cp27-cp27m-manylinux1_i686.whl", hash = "sha256:4c90a7f3f48beb092031dd0bb5a944de52dc152d4c20171a85ee10b89c324116"},
    {file = "python_sat-0.1.7.dev14-cp27-cp27m-manylinux1_x86_64.whl", hash = "sha256:a151034d4e379cba91836e9829c893af3adf8cb7262cb9d047b6efc6376b4f05"},
    {file = "python_sat-0.1.7.dev14-cp27-cp27mu-manylinux1_i686.whl", hash = "sha256:20ecb91d39c71c858727aa1e058aeb6717735419e584cf7146aed4c3f8bf4d34"},
    {file = "python_sat-0.1.7.dev14-cp27-cp27mu-manylinux1_x86_64.whl", hash = "sha256:b9aba5995ef216f4660df99e60c98002b7279e31e2571711dab85a4267844ef4"},
    {file = "python_sat-0.1.7.dev14-cp310-cp310-macosx_11_0_x86_64.whl", hash = "sha256:70e5af419f60215376c738dcfa068304ba814cdc3eec164897063e41e4a13c1f"},
    {file = "python_sat-0.1.7.dev14-cp310-cp310-manylinux_2_17_aarch64.manylinux2014_aarch64.whl", hash = "sha256:212339f8879f1c917d662aa24acec46d6d9df2b541b254b0b9d74f6369448714"},
    {file = "python_sat-0.1.7.dev14-cp35-cp35m-manylinux1_i686.whl", hash = "sha256:aa4375a071443bea8643a1084c63ad8cd851c7ed9b2c9040d6f7407926be7692"},
    {file = "python_sat-0.1.7.dev14-cp35-cp35m-manylinux1_x86_64.whl", hash = "sha256:637b06516fe94d37134b93521b3b57f2f0f2af697b76a392fc89e658132ab0b8"},
    {file = "python_sat-0.1.7.dev14-cp35-cp35m-manylinux2010_x86_64.whl", hash = "sha256:4ddb728052acadf9e444a7ccae1c85fca4c50ef6ac15bb74399922dd7679b0f1"},
    {file = "python_sat-0.1.7.dev14-cp36-cp36m-manylinux1_i686.whl", hash = "sha256:e8f6350f55a570c1b40cd343efc54e1c2f5e3234bdebfb1afcfb4b1c4e3e3a5a"},
    {file = "python_sat-0.1.7.dev14-cp36-cp36m-manylinux1_x86_64.whl", hash = "sha256:2ecd9e9d014c329d79cbcb51f450619bdcc048e37253b113d1a537768222740a"},
    {file = "python_sat-0.1.7.dev14-cp36-cp36m-manylinux2010_x86_64.whl", hash = "sha256:dccc156754b50911866765f6591219f47a03bb8c44b38566b5572d49b6a6b2cc"},
    {file = "python_sat-0.1.7.dev14-cp36-cp36m-manylinux_2_17_aarch64.manylinux2014_aarch64.whl", hash = "sha256:24ea17d0ab929016712d55f8b2138aaabdc7ad98a48914caf0469da950a5231e"},
    {file = "python_sat-0.1.7.dev14-cp36-cp36m-win_amd64.whl", hash = "sha256:bde967ca3ae71a1023c8b3e35e4f6820bfedc9df4307159af701363f02edf192"},
    {file = "python_sat-0.1.7.dev14-cp37-cp37m-macosx_11_0_x86_64.whl", hash = "sha256:b276566af398f16ee374edac2e3bcd96fd82452933a3e126321e7300c258a7f4"},
    {file = "python_sat-0.1.7.dev14-cp37-cp37m-manylinux1_i686.whl", hash = "sha256:f422ef9899c247df69b5363405de907fc31550cf676c2d9be4e17f9b2fb70009"},
    {file = "python_sat-0.1.7.dev14-cp37-cp37m-manylinux1_x86_64.whl", hash = "sha256:0cebcec15e3519d27d92e9a6a516d0c7f6632f8471f7c5391656eae0c7e56875"},
    {file = "python_sat-0.1.7.dev14-cp37-cp37m-manylinux2010_x86_64.whl", hash = "sha256:7511b3131b5b3e3b5a49423be1b1f6c26bedb1d529922454aabe74507ac87c54"},
    {file = "python_sat-0.1.7.dev14-cp37-cp37m-manylinux_2_17_aarch64.manylinux2014_aarch64.whl", hash = "sha256:54fa76dd123124a74fbadd586bcd7b525400134bcd03613fedd167368594b57f"},
    {file = "python_sat-0.1.7.dev14-cp37-cp37m-win_amd64.whl", hash = "sha256:dd77d2b37e0c69cad9a86b101f92a11477e26eb9f373e17243b4573eb9e377db"},
    {file = "python_sat-0.1.7.dev14-cp38-cp38-macosx_11_0_x86_64.whl", hash = "sha256:843b4a2bd982c86c0631a13ada8f47598986f06ec156470585daed04ea0d6925"},
    {file = "python_sat-0.1.7.dev14-cp38-cp38-manylinux1_i686.whl", hash = "sha256:df6b4409c21c16b31e8170a4d3bce5d2932848ab441189e8f16df2a9d95529ae"},
    {file = "python_sat-0.1.7.dev14-cp38-cp38-manylinux1_x86_64.whl", hash = "sha256:0716d22151a4a9bfaf81980960e1d5b559d25ebe5ef8484da63397599a1f42ab"},
    {file = "python_sat-0.1.7.dev14-cp38-cp38-manylinux2010_x86_64.whl", hash = "sha256:6477dd4116b0844595e4adbf4b95b169d5e532cf59cb76caadab13e14720649d"},
    {file = "python_sat-0.1.7.dev14-cp38-cp38-manylinux_2_17_aarch64.manylinux2014_aarch64.whl", hash = "sha256:9fdeba276196b0a4c25bd92dfbbacc1b55810a2478ac4997e710495d63dbbfe5"},
    {file = "python_sat-0.1.7.dev14-cp38-cp38-win_amd64.whl", hash = "sha256:5c69f2f64cd2a5ae9203f8f1f31c21a120f4af74eb956499c3b7dd16de9d2185"},
    {file = "python_sat-0.1.7.dev14-cp39-cp39-macosx_12_0_x86_64.whl", hash = "sha256:1e2b8d34de84eb1e67f84ec9ef178110a8f07921f449dc152bc622d4106d8644"},
    {file = "python_sat-0.1.7.dev14-cp39-cp39-manylinux1_i686.whl", hash = "sha256:7b05f9ef115195859c7f9843e86294cae9148645a310ed2757e7965ee1cbebd5"},
    {file = "python_sat-0.1.7.dev14-cp39-cp39-manylinux1_x86_64.whl", hash = "sha256:16cc5e8216a437f70d20f1a6ba888d3f1147196e4442d2eee87f3f379be64225"},
    {file = "python_sat-0.1.7.dev14-cp39-cp39-manylinux2010_x86_64.whl", hash = "sha256:168bee225043fa2de036b1cdc813fb8554b56b2105ffd12176a913d09443153f"},
    {file = "python_sat-0.1.7.dev14-cp39-cp39-manylinux_2_17_aarch64.manylinux2014_aarch64.whl", hash = "sha256:8bb4c96bf168c30af42359ec3af9e7af7b6b0d5adf6e47dd6d1ccb1643a318f8"},
    {file = "python_sat-0.1.7.dev14-cp39-cp39-win_amd64.whl", hash = "sha256:6952f3e00575aca86da0dfc6240c255a8bcd0add21b2e79498dec171a6a55828"},
    {file = "python_sat-0.1.7.dev14-pp37-pypy37_pp73-manylinux_2_17_aarch64.manylinux2014_aarch64.whl", hash = "sha256:8b8e5b2ead6e42d92d88cf5378c39a7d0a40f6e26bb3a17bd2bc96cb25326001"},
]
six = [
    {file = "six-1.16.0-py2.py3-none-any.whl", hash = "sha256:8abb2f1d86890a2dfb989f9a77cfcfd3e47c2a354b01111771326f8aa26e0254"},
    {file = "six-1.16.0.tar.gz", hash = "sha256:1e61c37477a1626458e36f7b1d82aa5c9b094fa4802892072e49de9c60c4c926"},
]
toml = [
    {file = "toml-0.10.2-py2.py3-none-any.whl", hash = "sha256:806143ae5bfb6a3c6e736a764057db0e6a0e05e338b5630894a5f779cabb4f9b"},
    {file = "toml-0.10.2.tar.gz", hash = "sha256:b3bda1d108d5dd99f4a20d24d9c348e91c4db7ab1b749200bded2f839ccbe68f"},
]
zipp = [
    {file = "zipp-3.6.0-py3-none-any.whl", hash = "sha256:9fe5ea21568a0a70e50f273397638d39b03353731e6cbbb3fd8502a33fec40bc"},
    {file = "zipp-3.6.0.tar.gz", hash = "sha256:71c644c5369f4a6e07636f0aa966270449561fcea2e3d6747b8d23efaa9d7832"},
]
