[[package]]
name = "atomicwrites"
version = "1.4.0"
description = "Atomic file writes."
category = "dev"
optional = false
python-versions = ">=2.7, !=3.0.*, !=3.1.*, !=3.2.*, !=3.3.*"

[[package]]
name = "attrs"
version = "20.3.0"
description = "Classes Without Boilerplate"
category = "main"
optional = false
python-versions = ">=2.7, !=3.0.*, !=3.1.*, !=3.2.*, !=3.3.*"

[package.extras]
dev = ["coverage[toml] (>=5.0.2)", "hypothesis", "pympler", "pytest (>=4.3.0)", "six", "zope.interface", "furo", "sphinx", "pre-commit"]
docs = ["furo", "sphinx", "zope.interface"]
tests = ["coverage[toml] (>=5.0.2)", "hypothesis", "pympler", "pytest (>=4.3.0)", "six", "zope.interface"]
tests_no_zope = ["coverage[toml] (>=5.0.2)", "hypothesis", "pympler", "pytest (>=4.3.0)", "six"]

[[package]]
name = "bidict"
version = "0.21.2"
description = "The bidirectional mapping library for Python."
category = "main"
optional = false
python-versions = ">=3.6"

[package.extras]
coverage = ["coverage (<6)", "pytest-cov (<3)"]
dev = ["setuptools-scm", "hypothesis (<6)", "py (<2)", "pytest (<7)", "pytest-benchmark (>=3.2.0,<4)", "sortedcollections (<2)", "sortedcontainers (<3)", "Sphinx (<4)", "sphinx-autodoc-typehints (<2)", "coverage (<6)", "pytest-cov (<3)", "pre-commit (<3)", "tox (<4)"]
docs = ["Sphinx (<4)", "sphinx-autodoc-typehints (<2)"]
precommit = ["pre-commit (<3)"]
test = ["hypothesis (<6)", "py (<2)", "pytest (<7)", "pytest-benchmark (>=3.2.0,<4)", "sortedcollections (<2)", "sortedcontainers (<3)", "Sphinx (<4)", "sphinx-autodoc-typehints (<2)"]

[[package]]
name = "colorama"
version = "0.4.4"
description = "Cross-platform colored terminal text."
category = "dev"
optional = false
python-versions = ">=2.7, !=3.0.*, !=3.1.*, !=3.2.*, !=3.3.*, !=3.4.*"

[[package]]
name = "decorator"
version = "4.4.2"
description = "Decorators for Humans"
category = "main"
optional = false
python-versions = ">=2.6, !=3.0.*, !=3.1.*"

[[package]]
name = "funcy"
version = "1.15"
description = "A fancy and practical functional tools"
category = "main"
optional = false
python-versions = "*"

[[package]]
name = "iniconfig"
version = "1.1.1"
description = "iniconfig: brain-dead simple config-ini parsing"
category = "dev"
optional = false
python-versions = "*"

[[package]]
name = "networkx"
version = "2.5.1"
description = "Python package for creating and manipulating graphs and networks"
category = "main"
optional = false
python-versions = ">=3.6"

[package.dependencies]
decorator = ">=4.3,<5"

[package.extras]
all = ["numpy", "scipy", "pandas", "matplotlib", "pygraphviz", "pydot", "pyyaml", "lxml", "pytest"]
gdal = ["gdal"]
lxml = ["lxml"]
matplotlib = ["matplotlib"]
numpy = ["numpy"]
pandas = ["pandas"]
pydot = ["pydot"]
pygraphviz = ["pygraphviz"]
pytest = ["pytest"]
pyyaml = ["pyyaml"]
scipy = ["scipy"]

[[package]]
name = "packaging"
version = "20.9"
description = "Core utilities for Python packages"
category = "dev"
optional = false
python-versions = ">=2.7, !=3.0.*, !=3.1.*, !=3.2.*, !=3.3.*"

[package.dependencies]
pyparsing = ">=2.0.2"

[[package]]
name = "pluggy"
version = "0.13.1"
description = "plugin and hook calling mechanisms for python"
category = "dev"
optional = false
python-versions = ">=2.7, !=3.0.*, !=3.1.*, !=3.2.*, !=3.3.*"

[package.extras]
dev = ["pre-commit", "tox"]

[[package]]
name = "py"
version = "1.10.0"
description = "library with cross-python path, ini-parsing, io, code, log facilities"
category = "dev"
optional = false
python-versions = ">=2.7, !=3.0.*, !=3.1.*, !=3.2.*, !=3.3.*"

[[package]]
name = "pydot"
version = "1.4.2"
description = "Python interface to Graphviz's Dot"
category = "dev"
optional = false
python-versions = ">=2.7, !=3.0.*, !=3.1.*, !=3.2.*, !=3.3.*"

[package.dependencies]
pyparsing = ">=2.1.4"

[[package]]
name = "pyparsing"
version = "2.4.7"
description = "Python parsing module"
category = "dev"
optional = false
python-versions = ">=2.6, !=3.0.*, !=3.1.*, !=3.2.*"

[[package]]
name = "pytest"
version = "6.2.3"
description = "pytest: simple powerful testing with Python"
category = "dev"
optional = false
python-versions = ">=3.6"

[package.dependencies]
atomicwrites = {version = ">=1.0", markers = "sys_platform == \"win32\""}
attrs = ">=19.2.0"
colorama = {version = "*", markers = "sys_platform == \"win32\""}
iniconfig = "*"
packaging = "*"
pluggy = ">=0.12,<1.0.0a1"
py = ">=1.8.2"
toml = "*"

[package.extras]
testing = ["argcomplete", "hypothesis (>=3.56)", "mock", "nose", "requests", "xmlschema"]

[[package]]
name = "python-sat"
version = "0.1.7.dev2"
description = "A Python library for prototyping with SAT oracles"
category = "main"
optional = false
python-versions = "*"

[package.dependencies]
six = "*"

[package.extras]
aiger = ["py-aiger-cnf (>=2.0.0)"]
pblib = ["pypblib (>=0.0.3)"]

[[package]]
name = "six"
version = "1.15.0"
description = "Python 2 and 3 compatibility utilities"
category = "main"
optional = false
python-versions = ">=2.7, !=3.0.*, !=3.1.*, !=3.2.*"

[[package]]
name = "toml"
version = "0.10.2"
description = "Python Library for Tom's Obvious, Minimal Language"
category = "dev"
optional = false
python-versions = ">=2.6, !=3.0.*, !=3.1.*, !=3.2.*"

[metadata]
lock-version = "1.1"
python-versions = "^3.9"
content-hash = "e8acee215d417b21a781ad5b4b071c78e5e3c888a0e37d3c04d27f450580db66"

[metadata.files]
atomicwrites = [
    {file = "atomicwrites-1.4.0-py2.py3-none-any.whl", hash = "sha256:6d1784dea7c0c8d4a5172b6c620f40b6e4cbfdf96d783691f2e1302a7b88e197"},
    {file = "atomicwrites-1.4.0.tar.gz", hash = "sha256:ae70396ad1a434f9c7046fd2dd196fc04b12f9e91ffb859164193be8b6168a7a"},
]
attrs = [
    {file = "attrs-20.3.0-py2.py3-none-any.whl", hash = "sha256:31b2eced602aa8423c2aea9c76a724617ed67cf9513173fd3a4f03e3a929c7e6"},
    {file = "attrs-20.3.0.tar.gz", hash = "sha256:832aa3cde19744e49938b91fea06d69ecb9e649c93ba974535d08ad92164f700"},
]
bidict = [
    {file = "bidict-0.21.2-py2.py3-none-any.whl", hash = "sha256:929d056e8d0d9b17ceda20ba5b24ac388e2a4d39802b87f9f4d3f45ecba070bf"},
    {file = "bidict-0.21.2.tar.gz", hash = "sha256:4fa46f7ff96dc244abfc437383d987404ae861df797e2fd5b190e233c302be09"},
]
colorama = [
    {file = "colorama-0.4.4-py2.py3-none-any.whl", hash = "sha256:9f47eda37229f68eee03b24b9748937c7dc3868f906e8ba69fbcbdd3bc5dc3e2"},
    {file = "colorama-0.4.4.tar.gz", hash = "sha256:5941b2b48a20143d2267e95b1c2a7603ce057ee39fd88e7329b0c292aa16869b"},
]
decorator = [
    {file = "decorator-4.4.2-py2.py3-none-any.whl", hash = "sha256:41fa54c2a0cc4ba648be4fd43cff00aedf5b9465c9bf18d64325bc225f08f760"},
    {file = "decorator-4.4.2.tar.gz", hash = "sha256:e3a62f0520172440ca0dcc823749319382e377f37f140a0b99ef45fecb84bfe7"},
]
funcy = [
    {file = "funcy-1.15-py2.py3-none-any.whl", hash = "sha256:c247c3d085e03a89974e0c9e8331e9a79db3768a263556ba896d6c92d665bba2"},
    {file = "funcy-1.15.tar.gz", hash = "sha256:65b746fed572b392d886810a98d56939c6e0d545abb750527a717c21ced21008"},
]
iniconfig = [
    {file = "iniconfig-1.1.1-py2.py3-none-any.whl", hash = "sha256:011e24c64b7f47f6ebd835bb12a743f2fbe9a26d4cecaa7f53bc4f35ee9da8b3"},
    {file = "iniconfig-1.1.1.tar.gz", hash = "sha256:bc3af051d7d14b2ee5ef9969666def0cd1a000e121eaea580d4a313df4b37f32"},
]
networkx = [
    {file = "networkx-2.5.1-py3-none-any.whl", hash = "sha256:0635858ed7e989f4c574c2328380b452df892ae85084144c73d8cd819f0c4e06"},
    {file = "networkx-2.5.1.tar.gz", hash = "sha256:109cd585cac41297f71103c3c42ac6ef7379f29788eb54cb751be5a663bb235a"},
]
packaging = [
    {file = "packaging-20.9-py2.py3-none-any.whl", hash = "sha256:67714da7f7bc052e064859c05c595155bd1ee9f69f76557e21f051443c20947a"},
    {file = "packaging-20.9.tar.gz", hash = "sha256:5b327ac1320dc863dca72f4514ecc086f31186744b84a230374cc1fd776feae5"},
]
pluggy = [
    {file = "pluggy-0.13.1-py2.py3-none-any.whl", hash = "sha256:966c145cd83c96502c3c3868f50408687b38434af77734af1e9ca461a4081d2d"},
    {file = "pluggy-0.13.1.tar.gz", hash = "sha256:15b2acde666561e1298d71b523007ed7364de07029219b604cf808bfa1c765b0"},
]
py = [
    {file = "py-1.10.0-py2.py3-none-any.whl", hash = "sha256:3b80836aa6d1feeaa108e046da6423ab8f6ceda6468545ae8d02d9d58d18818a"},
    {file = "py-1.10.0.tar.gz", hash = "sha256:21b81bda15b66ef5e1a777a21c4dcd9c20ad3efd0b3f817e7a809035269e1bd3"},
]
pydot = [
    {file = "pydot-1.4.2-py2.py3-none-any.whl", hash = "sha256:66c98190c65b8d2e2382a441b4c0edfdb4f4c025ef9cb9874de478fb0793a451"},
    {file = "pydot-1.4.2.tar.gz", hash = "sha256:248081a39bcb56784deb018977e428605c1c758f10897a339fce1dd728ff007d"},
]
pyparsing = [
    {file = "pyparsing-2.4.7-py2.py3-none-any.whl", hash = "sha256:ef9d7589ef3c200abe66653d3f1ab1033c3c419ae9b9bdb1240a85b024efc88b"},
    {file = "pyparsing-2.4.7.tar.gz", hash = "sha256:c203ec8783bf771a155b207279b9bccb8dea02d8f0c9e5f8ead507bc3246ecc1"},
]
pytest = [
    {file = "pytest-6.2.3-py3-none-any.whl", hash = "sha256:6ad9c7bdf517a808242b998ac20063c41532a570d088d77eec1ee12b0b5574bc"},
    {file = "pytest-6.2.3.tar.gz", hash = "sha256:671238a46e4df0f3498d1c3270e5deb9b32d25134c99b7d75370a68cfbe9b634"},
]
python-sat = [
    {file = "python-sat-0.1.7.dev2.tar.gz", hash = "sha256:9a32bd2adea80f8c8f2c079d7ee43a1320de6012a6320ef3f685ce78251c8729"},
    {file = "python_sat-0.1.7.dev2-cp27-cp27m-macosx_11_2_x86_64.whl", hash = "sha256:611cb373b18a7e15ced5e3b6718eac6ee65f9b05f30a3ecd70cc3db75c699db1"},
    {file = "python_sat-0.1.7.dev2-cp27-cp27m-manylinux1_i686.whl", hash = "sha256:a8e9e60f665c8ea3205f118a3284243892fe6d4f19d9a3aa7a6067e4cae28102"},
    {file = "python_sat-0.1.7.dev2-cp27-cp27m-manylinux1_x86_64.whl", hash = "sha256:3cea3618bb75b5ca3352045964e425bd0f9ea90be804e123f9c24b7aa89275a3"},
    {file = "python_sat-0.1.7.dev2-cp27-cp27mu-manylinux1_i686.whl", hash = "sha256:1f461b78a07a4f7f7ffb8aaf0ed8c9925dbf334340037e7e81b0e9a8111f2db8"},
    {file = "python_sat-0.1.7.dev2-cp27-cp27mu-manylinux1_x86_64.whl", hash = "sha256:0048a31c580d333f82a90b60df8f143a9686b907a0657b1ea800b3b8d91a0fd6"},
    {file = "python_sat-0.1.7.dev2-cp35-cp35m-manylinux1_i686.whl", hash = "sha256:741b0297948247ce061aa2b9d3deae3997fa86e508f6a27d88bb132626efe8f9"},
    {file = "python_sat-0.1.7.dev2-cp35-cp35m-manylinux1_x86_64.whl", hash = "sha256:417baf964dc52d870aa737b9a614bd0e857391ac2229eb90c7d6cb6a095bf0a7"},
    {file = "python_sat-0.1.7.dev2-cp35-cp35m-manylinux2010_x86_64.whl", hash = "sha256:911f0fa3392b92753d80ed31e6789d81fa81b875662d7d9761c3d9707415da4a"},
    {file = "python_sat-0.1.7.dev2-cp36-cp36m-manylinux1_i686.whl", hash = "sha256:f4c51f6739f6de7c32a7766a02767b2f816dd99f1dd623e31c39d1ded0d0e4c4"},
    {file = "python_sat-0.1.7.dev2-cp36-cp36m-manylinux1_x86_64.whl", hash = "sha256:027dbb73151c5d9b584a24d2c0950c6583775617fff574c57b0c5e71c4da13e2"},
    {file = "python_sat-0.1.7.dev2-cp36-cp36m-manylinux2010_x86_64.whl", hash = "sha256:ba9ed04ab6e13c0ea65a399aafc5cad2c004c65c24ef0597e29680288368525f"},
    {file = "python_sat-0.1.7.dev2-cp36-cp36m-win_amd64.whl", hash = "sha256:4999556e63baffbd1357ca626e50e8e65f796a6e79c5ab2400ec603cb8365552"},
    {file = "python_sat-0.1.7.dev2-cp37-cp37m-manylinux1_i686.whl", hash = "sha256:ec944420c221a22814255efb0094edad21a2556b4058c95ef7cefc72cbe9a8fe"},
    {file = "python_sat-0.1.7.dev2-cp37-cp37m-manylinux1_x86_64.whl", hash = "sha256:add8c508f87466d413616aed29144c19ab11dd48f367fda5733af513b85bd102"},
    {file = "python_sat-0.1.7.dev2-cp37-cp37m-manylinux2010_x86_64.whl", hash = "sha256:ca74a37a1a45ce9a6fd4474ac35a8c41052b7d0cd8de098a5e579eea99f5f1c8"},
    {file = "python_sat-0.1.7.dev2-cp37-cp37m-win_amd64.whl", hash = "sha256:1b56402c40b27a9e4d6fa56f4051fb8a248d43d856ae11dc35190e64fd2e918c"},
    {file = "python_sat-0.1.7.dev2-cp38-cp38-manylinux1_i686.whl", hash = "sha256:09b9879b0b84660029e7cdc553f66c30a2078fab159e8b8b3bf1d20e27b9d840"},
    {file = "python_sat-0.1.7.dev2-cp38-cp38-manylinux1_x86_64.whl", hash = "sha256:9cbac249d2de7fa0f4c883c2182c69a35a6779c1f6b1397e0c1891b7a42c4d0f"},
    {file = "python_sat-0.1.7.dev2-cp38-cp38-manylinux2010_x86_64.whl", hash = "sha256:2a4778da978deeccb176627e7163d20b8d38a69895cd376d9ba73cad3c285dda"},
    {file = "python_sat-0.1.7.dev2-cp38-cp38-win_amd64.whl", hash = "sha256:7dfb93cbfa1e11e968d735836161ac6e8d8a572c24990267233098ddfc599cc7"},
    {file = "python_sat-0.1.7.dev2-cp39-cp39-macosx_11_0_x86_64.whl", hash = "sha256:34258e6c6aacf534bd718f42888fa687bde36675f76b466077a1360845af9e04"},
    {file = "python_sat-0.1.7.dev2-cp39-cp39-manylinux1_i686.whl", hash = "sha256:18dca18ab35c31dbe02531a85512fc83ee8d6ba46e0cd2f4a58de7f9bbe0064d"},
    {file = "python_sat-0.1.7.dev2-cp39-cp39-manylinux1_x86_64.whl", hash = "sha256:7a7f05d6358908dafb15e9f747dcb5335ee01ef81b7d53f46be8795332ca4a6e"},
    {file = "python_sat-0.1.7.dev2-cp39-cp39-manylinux2010_x86_64.whl", hash = "sha256:a9a952cfe94c9e689bbbd777f4de639891529203a7cc599a58eb1d0251154fdc"},
    {file = "python_sat-0.1.7.dev2-cp39-cp39-win_amd64.whl", hash = "sha256:405bc992b1a776f203886dcdbf289e3e6610341555d1dce88f36726967622117"},
]
six = [
    {file = "six-1.15.0-py2.py3-none-any.whl", hash = "sha256:8b74bedcbbbaca38ff6d7491d76f2b06b3592611af620f8426e82dddb04a5ced"},
    {file = "six-1.15.0.tar.gz", hash = "sha256:30639c035cdb23534cd4aa2dd52c3bf48f06e5f4a941509c8bafd8ce11080259"},
]
toml = [
    {file = "toml-0.10.2-py2.py3-none-any.whl", hash = "sha256:806143ae5bfb6a3c6e736a764057db0e6a0e05e338b5630894a5f779cabb4f9b"},
    {file = "toml-0.10.2.tar.gz", hash = "sha256:b3bda1d108d5dd99f4a20d24d9c348e91c4db7ab1b749200bded2f839ccbe68f"},
]
