[[package]]
name = "atomicwrites"
version = "1.4.0"
description = "Atomic file writes."
category = "main"
optional = false
python-versions = ">=2.7, !=3.0.*, !=3.1.*, !=3.2.*, !=3.3.*"

[[package]]
name = "attrs"
version = "21.2.0"
description = "Classes Without Boilerplate"
category = "main"
optional = false
python-versions = ">=2.7, !=3.0.*, !=3.1.*, !=3.2.*, !=3.3.*, !=3.4.*"

[package.extras]
dev = ["coverage[toml] (>=5.0.2)", "hypothesis", "pympler", "pytest (>=4.3.0)", "six", "mypy", "pytest-mypy-plugins", "zope.interface", "furo", "sphinx", "sphinx-notfound-page", "pre-commit"]
docs = ["furo", "sphinx", "zope.interface", "sphinx-notfound-page"]
tests = ["coverage[toml] (>=5.0.2)", "hypothesis", "pympler", "pytest (>=4.3.0)", "six", "mypy", "pytest-mypy-plugins", "zope.interface"]
tests_no_zope = ["coverage[toml] (>=5.0.2)", "hypothesis", "pympler", "pytest (>=4.3.0)", "six", "mypy", "pytest-mypy-plugins"]

[[package]]
name = "bidict"
version = "0.21.4"
description = "The bidirectional mapping library for Python."
category = "main"
optional = false
python-versions = ">=3.6"

[[package]]
name = "bitarray"
version = "2.4.1"
description = "efficient arrays of booleans -- C extension"
category = "main"
optional = false
python-versions = "*"

[[package]]
name = "colorama"
version = "0.4.4"
description = "Cross-platform colored terminal text."
category = "main"
optional = false
python-versions = ">=2.7, !=3.0.*, !=3.1.*, !=3.2.*, !=3.3.*, !=3.4.*"

[[package]]
name = "dfa"
version = "4.4.0"
description = "Python library for modeling DFAs, Moore Machines, and Transition Systems."
category = "main"
optional = false
python-versions = ">=3.9,<4.0"

[package.dependencies]
attrs = ">=21.0.0,<22.0.0"
bidict = ">=0.21.4,<0.22.0"
bitarray = ">=2.4.0,<3.0.0"
funcy = ">=1.12,<2.0"
lazytree = ">=0.3.1,<0.4.0"
pytest-xdist = ">=2.1.0,<3.0.0"

[package.extras]
draw = ["pydot (>=1.4,<2.0)"]

[[package]]
name = "execnet"
version = "1.9.0"
description = "execnet: rapid multi-Python deployment"
category = "main"
optional = false
python-versions = ">=2.7, !=3.0.*, !=3.1.*, !=3.2.*, !=3.3.*, !=3.4.*"

[package.extras]
testing = ["pre-commit"]

[[package]]
name = "flake8"
version = "4.0.1"
description = "the modular source code checker: pep8 pyflakes and co"
category = "dev"
optional = false
python-versions = ">=3.6"

[package.dependencies]
mccabe = ">=0.6.0,<0.7.0"
pycodestyle = ">=2.8.0,<2.9.0"
pyflakes = ">=2.4.0,<2.5.0"

[[package]]
name = "funcy"
version = "1.16"
description = "A fancy and practical functional tools"
category = "main"
optional = false
python-versions = "*"

[[package]]
name = "iniconfig"
version = "1.1.1"
description = "iniconfig: brain-dead simple config-ini parsing"
category = "main"
optional = false
python-versions = "*"

[[package]]
name = "lazytree"
version = "0.3.3"
description = "Python library for manipulating infinite trees."
category = "main"
optional = false
python-versions = ">=3.6,<4.0"

[package.dependencies]
attrs = ">=21.0.0,<22.0.0"
funcy = ">=1.12,<2.0"

[[package]]
name = "mccabe"
version = "0.6.1"
description = "McCabe checker, plugin for flake8"
category = "dev"
optional = false
python-versions = "*"

[[package]]
name = "more-itertools"
version = "8.12.0"
description = "More routines for operating on iterables, beyond itertools"
category = "main"
optional = false
python-versions = ">=3.5"

[[package]]
name = "networkx"
version = "2.6.3"
description = "Python package for creating and manipulating graphs and networks"
category = "main"
optional = false
python-versions = ">=3.7"

[package.extras]
default = ["numpy (>=1.19)", "scipy (>=1.5,!=1.6.1)", "matplotlib (>=3.3)", "pandas (>=1.1)"]
developer = ["black (==21.5b1)", "pre-commit (>=2.12)"]
doc = ["sphinx (>=4.0,<5.0)", "pydata-sphinx-theme (>=0.6,<1.0)", "sphinx-gallery (>=0.9,<1.0)", "numpydoc (>=1.1)", "pillow (>=8.2)", "nb2plots (>=0.6)", "texext (>=0.6.6)"]
extra = ["lxml (>=4.5)", "pygraphviz (>=1.7)", "pydot (>=1.4.1)"]
test = ["pytest (>=6.2)", "pytest-cov (>=2.12)", "codecov (>=2.1)"]

[[package]]
name = "packaging"
version = "21.0"
description = "Core utilities for Python packages"
category = "main"
optional = false
python-versions = ">=3.6"

[package.dependencies]
pyparsing = ">=2.0.2"

[[package]]
name = "pluggy"
version = "1.0.0"
description = "plugin and hook calling mechanisms for python"
category = "main"
optional = false
python-versions = ">=3.6"

[package.extras]
dev = ["pre-commit", "tox"]
testing = ["pytest", "pytest-benchmark"]

[[package]]
name = "py"
version = "1.11.0"
description = "library with cross-python path, ini-parsing, io, code, log facilities"
category = "main"
optional = false
python-versions = ">=2.7, !=3.0.*, !=3.1.*, !=3.2.*, !=3.3.*, !=3.4.*"

[[package]]
name = "pycodestyle"
version = "2.8.0"
description = "Python style guide checker"
category = "dev"
optional = false
python-versions = ">=2.7, !=3.0.*, !=3.1.*, !=3.2.*, !=3.3.*, !=3.4.*"

[[package]]
name = "pydot"
version = "1.4.2"
description = "Python interface to Graphviz's Dot"
category = "dev"
optional = false
python-versions = ">=2.7, !=3.0.*, !=3.1.*, !=3.2.*, !=3.3.*"

[package.dependencies]
pyparsing = ">=2.1.4"

[[package]]
name = "pyflakes"
version = "2.4.0"
description = "passive checker of Python programs"
category = "dev"
optional = false
python-versions = ">=2.7, !=3.0.*, !=3.1.*, !=3.2.*, !=3.3.*"

[[package]]
name = "pyparsing"
version = "3.0.4"
description = "Python parsing module"
category = "main"
optional = false
python-versions = ">=3.6"

[package.extras]
diagrams = ["jinja2", "railroad-diagrams"]

[[package]]
name = "pytest"
version = "6.2.5"
description = "pytest: simple powerful testing with Python"
category = "main"
optional = false
python-versions = ">=3.6"

[package.dependencies]
atomicwrites = {version = ">=1.0", markers = "sys_platform == \"win32\""}
attrs = ">=19.2.0"
colorama = {version = "*", markers = "sys_platform == \"win32\""}
iniconfig = "*"
packaging = "*"
pluggy = ">=0.12,<2.0"
py = ">=1.8.2"
toml = "*"

[package.extras]
testing = ["argcomplete", "hypothesis (>=3.56)", "mock", "nose", "requests", "xmlschema"]

[[package]]
name = "pytest-flake8"
version = "1.0.7"
description = "pytest plugin to check FLAKE8 requirements"
category = "dev"
optional = false
python-versions = "*"

[package.dependencies]
flake8 = ">=3.5"
pytest = ">=3.5"

[[package]]
name = "pytest-forked"
version = "1.3.0"
description = "run tests in isolated forked subprocesses"
category = "main"
optional = false
python-versions = ">=2.7, !=3.0.*, !=3.1.*, !=3.2.*, !=3.3.*, !=3.4.*"

[package.dependencies]
py = "*"
pytest = ">=3.10"

[[package]]
name = "pytest-xdist"
version = "2.4.0"
description = "pytest xdist plugin for distributed testing and loop-on-failing modes"
category = "main"
optional = false
python-versions = ">=3.6"

[package.dependencies]
execnet = ">=1.1"
pytest = ">=6.0.0"
pytest-forked = "*"

[package.extras]
psutil = ["psutil (>=3.0)"]
setproctitle = ["setproctitle"]
testing = ["filelock"]

[[package]]
name = "python-sat"
version = "0.1.7.dev11"
description = "A Python library for prototyping with SAT oracles"
category = "main"
optional = false
python-versions = "*"

[package.dependencies]
six = "*"

[package.extras]
aiger = ["py-aiger-cnf (>=2.0.0)"]
pblib = ["pypblib (>=0.0.3)"]

[[package]]
name = "six"
version = "1.16.0"
description = "Python 2 and 3 compatibility utilities"
category = "main"
optional = false
python-versions = ">=2.7, !=3.0.*, !=3.1.*, !=3.2.*"

[[package]]
name = "toml"
version = "0.10.2"
description = "Python Library for Tom's Obvious, Minimal Language"
category = "main"
optional = false
python-versions = ">=2.6, !=3.0.*, !=3.1.*, !=3.2.*"

[metadata]
lock-version = "1.1"
python-versions = "^3.9"
content-hash = "36039849bdd18399d15a3f77003c70964322d8c1473d0f07c9449accde04ae58"

[metadata.files]
atomicwrites = [
    {file = "atomicwrites-1.4.0-py2.py3-none-any.whl", hash = "sha256:6d1784dea7c0c8d4a5172b6c620f40b6e4cbfdf96d783691f2e1302a7b88e197"},
    {file = "atomicwrites-1.4.0.tar.gz", hash = "sha256:ae70396ad1a434f9c7046fd2dd196fc04b12f9e91ffb859164193be8b6168a7a"},
]
attrs = [
    {file = "attrs-21.2.0-py2.py3-none-any.whl", hash = "sha256:149e90d6d8ac20db7a955ad60cf0e6881a3f20d37096140088356da6c716b0b1"},
    {file = "attrs-21.2.0.tar.gz", hash = "sha256:ef6aaac3ca6cd92904cdd0d83f629a15f18053ec84e6432106f7a4d04ae4f5fb"},
]
bidict = [
    {file = "bidict-0.21.4-py3-none-any.whl", hash = "sha256:3ac67daa353ecf853a1df9d3e924f005e729227a60a8dbada31a4c31aba7f654"},
    {file = "bidict-0.21.4.tar.gz", hash = "sha256:42c84ffbe6f8de898af6073b4be9ea7ccedcd78d3474aa844c54e49d5a079f6f"},
]
bitarray = [
    {file = "bitarray-2.4.1-cp310-cp310-macosx_10_9_universal2.whl", hash = "sha256:c986ed73054706a4520e0e40bfc0eab733d7ac888fa01b6f986ae675bd1ae01b"},
    {file = "bitarray-2.4.1-cp310-cp310-macosx_10_9_x86_64.whl", hash = "sha256:5e5ea88b023d1d9850a76dca7ea33ddd10e1a4dc19344928c430dae37c2f13d9"},
    {file = "bitarray-2.4.1-cp310-cp310-macosx_11_0_arm64.whl", hash = "sha256:39e47b8125244e48ee9dd01d1ee790775a887a0c803c6edf4026ed83ed8ce4b6"},
    {file = "bitarray-2.4.1-cp310-cp310-manylinux_2_17_aarch64.manylinux2014_aarch64.whl", hash = "sha256:70342e166fbae13071320257dac3899ad7a0a8e2a697404af30fa5f59609b03f"},
    {file = "bitarray-2.4.1-cp310-cp310-manylinux_2_17_ppc64le.manylinux2014_ppc64le.whl", hash = "sha256:1e6abfc1969f41abd764c9cb421d59bcdd7b0761b81fc433532ad511a1730355"},
    {file = "bitarray-2.4.1-cp310-cp310-manylinux_2_17_s390x.manylinux2014_s390x.whl", hash = "sha256:ce835deeba8c3341bed57f2aa02687d91cd013f90925bbb033ef6d29dfd5a301"},
    {file = "bitarray-2.4.1-cp310-cp310-manylinux_2_17_x86_64.manylinux2014_x86_64.whl", hash = "sha256:82f9eb3c7ccf15225cab14cb745e39814b5fe512788303270707f509a64850c5"},
    {file = "bitarray-2.4.1-cp310-cp310-manylinux_2_5_i686.manylinux1_i686.manylinux_2_17_i686.manylinux2014_i686.whl", hash = "sha256:4186660099e7b7ddfb6278897d9d7d2cd223b460f1646ab3c30207d7e6412654"},
    {file = "bitarray-2.4.1-cp310-cp310-musllinux_1_1_aarch64.whl", hash = "sha256:99c16c176bbe709d699981dd3a94778ee5179dfff34c77458a8d29da82529553"},
    {file = "bitarray-2.4.1-cp310-cp310-musllinux_1_1_i686.whl", hash = "sha256:d8e672472109425b03ddcd2ff7eaef6a3f2a3a4fd6113db185f3bcaa0db7c246"},
    {file = "bitarray-2.4.1-cp310-cp310-musllinux_1_1_ppc64le.whl", hash = "sha256:e6b6980aa4efaf5e12d58f3728c6756b9a3895ddc3ab29c07a86cbc527b3ee91"},
    {file = "bitarray-2.4.1-cp310-cp310-musllinux_1_1_s390x.whl", hash = "sha256:10479f6c795302d014677eeb56ec5be90e64f04500c38fec6b9712b5e0bc8593"},
    {file = "bitarray-2.4.1-cp310-cp310-musllinux_1_1_x86_64.whl", hash = "sha256:81e77a65b04114cd8f5665d0fc1a2f84f916c5cc65e9d112a21588f3b26d2180"},
    {file = "bitarray-2.4.1-cp310-cp310-win32.whl", hash = "sha256:a09c7acc6c59e39dc12cfbe43c5e84f1482e57831df97b5433951f867baca1d1"},
    {file = "bitarray-2.4.1-cp310-cp310-win_amd64.whl", hash = "sha256:9cfd809859e81a7fc11b7d7679b63d9f95e45289dc8ef7fecf573e0385c6b590"},
    {file = "bitarray-2.4.1-cp36-cp36m-macosx_10_9_x86_64.whl", hash = "sha256:ebda73921e4eb8fcd295209906a82917e17e6ded438bb3cb4255e29556393d34"},
    {file = "bitarray-2.4.1-cp36-cp36m-manylinux_2_17_aarch64.manylinux2014_aarch64.whl", hash = "sha256:a517ce706fb1ea49c0fed083068ff9bd13c1101245952a3522213935b673deca"},
    {file = "bitarray-2.4.1-cp36-cp36m-manylinux_2_17_ppc64le.manylinux2014_ppc64le.whl", hash = "sha256:9cf70d802b71e9867337b1d66b058c20b25fc260d3226683231c314864f5fe14"},
    {file = "bitarray-2.4.1-cp36-cp36m-manylinux_2_17_s390x.manylinux2014_s390x.whl", hash = "sha256:0266da3e2b69a0e83594518f2e8be0e3c710733be376460b04f4f32db9915553"},
    {file = "bitarray-2.4.1-cp36-cp36m-manylinux_2_17_x86_64.manylinux2014_x86_64.whl", hash = "sha256:b233f07264b608dd39a7db52c08436206bc0cb9fffabe9d1bfe0fb344f66aa3e"},
    {file = "bitarray-2.4.1-cp36-cp36m-manylinux_2_5_i686.manylinux1_i686.manylinux_2_17_i686.manylinux2014_i686.whl", hash = "sha256:7c727ece52069ec7181490027f777941db488627c53744e948646329175d55ae"},
    {file = "bitarray-2.4.1-cp36-cp36m-musllinux_1_1_aarch64.whl", hash = "sha256:056d1898bc0e4069e0e2ed019d33298e6fea5777cb51c76aaf666c61a940ff3c"},
    {file = "bitarray-2.4.1-cp36-cp36m-musllinux_1_1_i686.whl", hash = "sha256:c99925e2e4e87da227297439aae2d879644d57c87141293a163c88a7a8d6c5b4"},
    {file = "bitarray-2.4.1-cp36-cp36m-musllinux_1_1_ppc64le.whl", hash = "sha256:57e09bdaa3fe46a5db8f7ede58339df14bbbb04fcdc01958cdb03135c4debdfb"},
    {file = "bitarray-2.4.1-cp36-cp36m-musllinux_1_1_s390x.whl", hash = "sha256:a579c5501a2587bc228e045b020854934da5ee0745afb35c7aa1045df0719073"},
    {file = "bitarray-2.4.1-cp36-cp36m-musllinux_1_1_x86_64.whl", hash = "sha256:ac33b1f6647a28f05fff1996b9e0ecfeff01006afeff901515c77e75eb5d8beb"},
    {file = "bitarray-2.4.1-cp36-cp36m-win32.whl", hash = "sha256:4d88b09eb6a0760c41a99c34d92cf0af1b4dbda90b7ed7751137c0e42618cccf"},
    {file = "bitarray-2.4.1-cp36-cp36m-win_amd64.whl", hash = "sha256:1ff58f910aac14bcf64875a409a17d1dece3fe1d9a43b4f576d75db00d4e8560"},
    {file = "bitarray-2.4.1-cp37-cp37m-macosx_10_9_x86_64.whl", hash = "sha256:c88d0a14aa181066f65478401e8bcd1e631652fd5b2d02c2fc74b2e4d328ed5f"},
    {file = "bitarray-2.4.1-cp37-cp37m-manylinux_2_17_aarch64.manylinux2014_aarch64.whl", hash = "sha256:e3aebd4045dae28ba3ed7ace8ef8315c894de908cc86edfbcfcf9e8c1b6301f1"},
    {file = "bitarray-2.4.1-cp37-cp37m-manylinux_2_17_ppc64le.manylinux2014_ppc64le.whl", hash = "sha256:05b873f2070abe4f3c44f1bb1b95549629f790184cabf2435c12b1637a45d790"},
    {file = "bitarray-2.4.1-cp37-cp37m-manylinux_2_17_s390x.manylinux2014_s390x.whl", hash = "sha256:efabf024517c4024e64d825b4741c01d6c6a4d45eea22cb4ecd3cae28c41e6ea"},
    {file = "bitarray-2.4.1-cp37-cp37m-manylinux_2_17_x86_64.manylinux2014_x86_64.whl", hash = "sha256:3148b4794bbc58db457c5852f99da7a4715ee77a67e1c7b4b38c860ef32af561"},
    {file = "bitarray-2.4.1-cp37-cp37m-manylinux_2_5_i686.manylinux1_i686.manylinux_2_17_i686.manylinux2014_i686.whl", hash = "sha256:655ba9ccc5a8f4c80054d8ff089b2a87628b708c74826196899a66d68d340a3e"},
    {file = "bitarray-2.4.1-cp37-cp37m-musllinux_1_1_aarch64.whl", hash = "sha256:e9057381af0cda0d90dc6396bf55298d0cd6af8d331a46cd71cb1bed791be5ca"},
    {file = "bitarray-2.4.1-cp37-cp37m-musllinux_1_1_i686.whl", hash = "sha256:f34c74b09d61c82668cd3483f8da00ee271887de18e9c2db3d7f50d342bdb2c3"},
    {file = "bitarray-2.4.1-cp37-cp37m-musllinux_1_1_ppc64le.whl", hash = "sha256:871da93c8db7cba2aed91cde9155cdac9e2b19820f1a125afa298f86c7796713"},
    {file = "bitarray-2.4.1-cp37-cp37m-musllinux_1_1_s390x.whl", hash = "sha256:0ba2a7fca0c3a8bb8da374ccb8dc93c30cf43e7e49338844a3012cf164aa851d"},
    {file = "bitarray-2.4.1-cp37-cp37m-musllinux_1_1_x86_64.whl", hash = "sha256:f80dae48a6644cd10548252363089bf631b5af2a2d3eb6fa7da6c19813e92966"},
    {file = "bitarray-2.4.1-cp37-cp37m-win32.whl", hash = "sha256:ea5b65469aca8ba5606372abac82111cbb80bfc3f7d65d1044383b3e3952e54b"},
    {file = "bitarray-2.4.1-cp37-cp37m-win_amd64.whl", hash = "sha256:728c44ab4c833b8cd9f219e7348776c0e45e8b9b6149a0beeae8fbb196c5a7d7"},
    {file = "bitarray-2.4.1-cp38-cp38-macosx_10_9_universal2.whl", hash = "sha256:6b5770d8afb3ca0b996888e97e926b497a3c00d44a89fddfcae62405c01ca48b"},
    {file = "bitarray-2.4.1-cp38-cp38-macosx_10_9_x86_64.whl", hash = "sha256:77c0a681c3d7945ec86c9cff39e2751b2fbd431c06f8be55b6024b023ebd8113"},
    {file = "bitarray-2.4.1-cp38-cp38-macosx_11_0_arm64.whl", hash = "sha256:70edf29ee88301efe03fa4961a07a63a1e699c5a52bd28bee171265dcf5abca9"},
    {file = "bitarray-2.4.1-cp38-cp38-manylinux_2_17_aarch64.manylinux2014_aarch64.whl", hash = "sha256:0e366e939d6664e9852b03ea4b9f047d9f37d6894ba5dd7db8ee56e1250d7a90"},
    {file = "bitarray-2.4.1-cp38-cp38-manylinux_2_17_ppc64le.manylinux2014_ppc64le.whl", hash = "sha256:c84c4dec5c3212b650403bafd6c67254ac31157485eb0dec4e83f42057b9f96d"},
    {file = "bitarray-2.4.1-cp38-cp38-manylinux_2_17_s390x.manylinux2014_s390x.whl", hash = "sha256:68e8f6241a0ddacaac7a1e6cc4d086a03775e08bd6e8993d71095d5adc5cceb6"},
    {file = "bitarray-2.4.1-cp38-cp38-manylinux_2_17_x86_64.manylinux2014_x86_64.whl", hash = "sha256:8a18aa5240b18de40613c27a847483b8cfda1c29fe1738049e6513cbef2f46fb"},
    {file = "bitarray-2.4.1-cp38-cp38-manylinux_2_5_i686.manylinux1_i686.manylinux_2_17_i686.manylinux2014_i686.whl", hash = "sha256:913b2290ace76e5d59fb26fc98dac6101b917324d3ad249932a0721d20b1c1a4"},
    {file = "bitarray-2.4.1-cp38-cp38-musllinux_1_1_aarch64.whl", hash = "sha256:404ac056e6539cb2c9666b8792921c8a33b50032a0e36934be2e8692512bf930"},
    {file = "bitarray-2.4.1-cp38-cp38-musllinux_1_1_i686.whl", hash = "sha256:f914aff9cfc5cde97ff5ad55acc127870a056ed9abdad0f3e301a7f59efd4be8"},
    {file = "bitarray-2.4.1-cp38-cp38-musllinux_1_1_ppc64le.whl", hash = "sha256:92e4ced145cfab3396069f87209e60dcd48e63b1168398e3544f63b3c8b83edd"},
    {file = "bitarray-2.4.1-cp38-cp38-musllinux_1_1_s390x.whl", hash = "sha256:4f1b9ec29b1ace5efca695338ab66e5c1015be00360d186b83c7c855ba4686bd"},
    {file = "bitarray-2.4.1-cp38-cp38-musllinux_1_1_x86_64.whl", hash = "sha256:aee976dbec4a47fd8027530e71d9850757f11bce735859b9a4581f61ee54ccb9"},
    {file = "bitarray-2.4.1-cp38-cp38-win32.whl", hash = "sha256:878a8f4cb2413b28d745e4fc16d741021ad68dfabe03cb1f26a569eeafa3da3d"},
    {file = "bitarray-2.4.1-cp38-cp38-win_amd64.whl", hash = "sha256:5ed21d59bffd8ac192d01e935e05e3376ad85a6db0b3ae9ecd57cbe8d768a903"},
    {file = "bitarray-2.4.1-cp39-cp39-macosx_10_9_universal2.whl", hash = "sha256:ee347d039f10ef624845d087e66950e9d913a1f9b37e3d0c2d71dfdcd7822e16"},
    {file = "bitarray-2.4.1-cp39-cp39-macosx_10_9_x86_64.whl", hash = "sha256:2364b6af6d5900732dbc56f4b623ccf0cd8534c393939620edd2689ead4c5365"},
    {file = "bitarray-2.4.1-cp39-cp39-macosx_11_0_arm64.whl", hash = "sha256:2d3331c2a37278f3f8c3669c1d99a6132d524490fb5c6415450af881d885510c"},
    {file = "bitarray-2.4.1-cp39-cp39-manylinux_2_17_aarch64.manylinux2014_aarch64.whl", hash = "sha256:408f769ea8b28a523f86ac2ccebec2b3712e3084d020467bb7db865913fcba10"},
    {file = "bitarray-2.4.1-cp39-cp39-manylinux_2_17_ppc64le.manylinux2014_ppc64le.whl", hash = "sha256:1ed8a77a7084bd6ff5da4a926ec6daa1968fbdf04a7fb970231d9bc219c11f8d"},
    {file = "bitarray-2.4.1-cp39-cp39-manylinux_2_17_s390x.manylinux2014_s390x.whl", hash = "sha256:5b98b551d01a149a3756eeeb66769b5da5dd7fc6574dbf2ad1881efd2094b3a1"},
    {file = "bitarray-2.4.1-cp39-cp39-manylinux_2_17_x86_64.manylinux2014_x86_64.whl", hash = "sha256:72b86e634f13cd9014e3d17ea224834ef3a4bd8220e45239b11b7e0543545718"},
    {file = "bitarray-2.4.1-cp39-cp39-manylinux_2_5_i686.manylinux1_i686.manylinux_2_17_i686.manylinux2014_i686.whl", hash = "sha256:02807aaf75b2a2c268f2959f40b9afd2f943dc615883616413f2d385cbf0454f"},
    {file = "bitarray-2.4.1-cp39-cp39-musllinux_1_1_aarch64.whl", hash = "sha256:b2ffcbe5cf97a118f36d5065043e7ecc16246e40545b31929d7582fce256064d"},
    {file = "bitarray-2.4.1-cp39-cp39-musllinux_1_1_i686.whl", hash = "sha256:eb12494f5b8a9849f0c76c1e8b6e9287096ccb19b2a4b596f5fb1adcf709c8a2"},
    {file = "bitarray-2.4.1-cp39-cp39-musllinux_1_1_ppc64le.whl", hash = "sha256:8673229b706638ca6b1ab7e2ccee6e20736ec0caa39b4e095749429bbb57675a"},
    {file = "bitarray-2.4.1-cp39-cp39-musllinux_1_1_s390x.whl", hash = "sha256:e85ad843a7ebd526ab8dd3cf7bdf5f65013a42463a96946b7b30854a82f57d44"},
    {file = "bitarray-2.4.1-cp39-cp39-musllinux_1_1_x86_64.whl", hash = "sha256:5abe2f63f49431eff708086df50132cd8a19089f22ad9fc45e2e8922aa0b61fa"},
    {file = "bitarray-2.4.1-cp39-cp39-win32.whl", hash = "sha256:98fbb749fa4047fa2e1049aa0cde4f6020defd2b40ed8bf31dd1f2c1ef07e416"},
    {file = "bitarray-2.4.1-cp39-cp39-win_amd64.whl", hash = "sha256:57f52f9f5fcd086961c6055337e22d4ea5ce442fd7b8a101e25cd4a6059069d5"},
    {file = "bitarray-2.4.1.tar.gz", hash = "sha256:faeca03f979e992cc76f7406af7eb9795cb111b8d8969c891a032bd7497c87da"},
]
colorama = [
    {file = "colorama-0.4.4-py2.py3-none-any.whl", hash = "sha256:9f47eda37229f68eee03b24b9748937c7dc3868f906e8ba69fbcbdd3bc5dc3e2"},
    {file = "colorama-0.4.4.tar.gz", hash = "sha256:5941b2b48a20143d2267e95b1c2a7603ce057ee39fd88e7329b0c292aa16869b"},
]
dfa = [
    {file = "dfa-4.4.0-py3-none-any.whl", hash = "sha256:84a02b2d72047847b004ca5caabc1233e9a804ed1bc04cbbff8a7d78a2f74c41"},
    {file = "dfa-4.4.0.tar.gz", hash = "sha256:b678851cd17b679ca1305fc4ad4d3ca8e62eb95cb956ddc109bec9b249f9bcb1"},
]
execnet = [
    {file = "execnet-1.9.0-py2.py3-none-any.whl", hash = "sha256:a295f7cc774947aac58dde7fdc85f4aa00c42adf5d8f5468fc630c1acf30a142"},
    {file = "execnet-1.9.0.tar.gz", hash = "sha256:8f694f3ba9cc92cab508b152dcfe322153975c29bda272e2fd7f3f00f36e47c5"},
]
flake8 = [
    {file = "flake8-4.0.1-py2.py3-none-any.whl", hash = "sha256:479b1304f72536a55948cb40a32dce8bb0ffe3501e26eaf292c7e60eb5e0428d"},
    {file = "flake8-4.0.1.tar.gz", hash = "sha256:806e034dda44114815e23c16ef92f95c91e4c71100ff52813adf7132a6ad870d"},
]
funcy = [
    {file = "funcy-1.16-py2.py3-none-any.whl", hash = "sha256:1d3fc5d42cf7564a6b2be04042d0df7a50c77903cf760a34786d0c9ebd659b25"},
    {file = "funcy-1.16.tar.gz", hash = "sha256:2775409b7dc9106283f1224d97e6df5f2c02e7291c8caed72764f5a115dffb50"},
]
iniconfig = [
    {file = "iniconfig-1.1.1-py2.py3-none-any.whl", hash = "sha256:011e24c64b7f47f6ebd835bb12a743f2fbe9a26d4cecaa7f53bc4f35ee9da8b3"},
    {file = "iniconfig-1.1.1.tar.gz", hash = "sha256:bc3af051d7d14b2ee5ef9969666def0cd1a000e121eaea580d4a313df4b37f32"},
]
lazytree = [
    {file = "lazytree-0.3.3-py3-none-any.whl", hash = "sha256:9c4854e6c9b6f51f72ea873247d5e876c3ec6ac3b10b41237e8b961c4179e02b"},
    {file = "lazytree-0.3.3.tar.gz", hash = "sha256:8dd5b1b996157848796521758ad8e1da562a6e6419ceb3ade0d1d2f987a03726"},
]
mccabe = [
    {file = "mccabe-0.6.1-py2.py3-none-any.whl", hash = "sha256:ab8a6258860da4b6677da4bd2fe5dc2c659cff31b3ee4f7f5d64e79735b80d42"},
    {file = "mccabe-0.6.1.tar.gz", hash = "sha256:dd8d182285a0fe56bace7f45b5e7d1a6ebcbf524e8f3bd87eb0f125271b8831f"},
]
more-itertools = [
    {file = "more-itertools-8.12.0.tar.gz", hash = "sha256:7dc6ad46f05f545f900dd59e8dfb4e84a4827b97b3cfecb175ea0c7d247f6064"},
    {file = "more_itertools-8.12.0-py3-none-any.whl", hash = "sha256:43e6dd9942dffd72661a2c4ef383ad7da1e6a3e968a927ad7a6083ab410a688b"},
]
networkx = [
    {file = "networkx-2.6.3-py3-none-any.whl", hash = "sha256:80b6b89c77d1dfb64a4c7854981b60aeea6360ac02c6d4e4913319e0a313abef"},
    {file = "networkx-2.6.3.tar.gz", hash = "sha256:c0946ed31d71f1b732b5aaa6da5a0388a345019af232ce2f49c766e2d6795c51"},
]
packaging = [
    {file = "packaging-21.0-py3-none-any.whl", hash = "sha256:c86254f9220d55e31cc94d69bade760f0847da8000def4dfe1c6b872fd14ff14"},
    {file = "packaging-21.0.tar.gz", hash = "sha256:7dc96269f53a4ccec5c0670940a4281106dd0bb343f47b7471f779df49c2fbe7"},
]
pluggy = [
    {file = "pluggy-1.0.0-py2.py3-none-any.whl", hash = "sha256:74134bbf457f031a36d68416e1509f34bd5ccc019f0bcc952c7b909d06b37bd3"},
    {file = "pluggy-1.0.0.tar.gz", hash = "sha256:4224373bacce55f955a878bf9cfa763c1e360858e330072059e10bad68531159"},
]
py = [
    {file = "py-1.11.0-py2.py3-none-any.whl", hash = "sha256:607c53218732647dff4acdfcd50cb62615cedf612e72d1724fb1a0cc6405b378"},
    {file = "py-1.11.0.tar.gz", hash = "sha256:51c75c4126074b472f746a24399ad32f6053d1b34b68d2fa41e558e6f4a98719"},
]
pycodestyle = [
    {file = "pycodestyle-2.8.0-py2.py3-none-any.whl", hash = "sha256:720f8b39dde8b293825e7ff02c475f3077124006db4f440dcbc9a20b76548a20"},
    {file = "pycodestyle-2.8.0.tar.gz", hash = "sha256:eddd5847ef438ea1c7870ca7eb78a9d47ce0cdb4851a5523949f2601d0cbbe7f"},
]
pydot = [
    {file = "pydot-1.4.2-py2.py3-none-any.whl", hash = "sha256:66c98190c65b8d2e2382a441b4c0edfdb4f4c025ef9cb9874de478fb0793a451"},
    {file = "pydot-1.4.2.tar.gz", hash = "sha256:248081a39bcb56784deb018977e428605c1c758f10897a339fce1dd728ff007d"},
]
pyflakes = [
    {file = "pyflakes-2.4.0-py2.py3-none-any.whl", hash = "sha256:3bb3a3f256f4b7968c9c788781e4ff07dce46bdf12339dcda61053375426ee2e"},
    {file = "pyflakes-2.4.0.tar.gz", hash = "sha256:05a85c2872edf37a4ed30b0cce2f6093e1d0581f8c19d7393122da7e25b2b24c"},
]
pyparsing = [
    {file = "pyparsing-3.0.4-py3-none-any.whl", hash = "sha256:c0a7dfcd26825bd4453574c4e7ad04aa095975ce54d04f738fe3a8350fbd223a"},
    {file = "pyparsing-3.0.4.tar.gz", hash = "sha256:e0df773d7fa2240322daae7805626dfc5f2d5effb34e1a7be2702c99cfb9f6b1"},
]
pytest = [
    {file = "pytest-6.2.5-py3-none-any.whl", hash = "sha256:7310f8d27bc79ced999e760ca304d69f6ba6c6649c0b60fb0e04a4a77cacc134"},
    {file = "pytest-6.2.5.tar.gz", hash = "sha256:131b36680866a76e6781d13f101efb86cf674ebb9762eb70d3082b6f29889e89"},
]
pytest-flake8 = [
    {file = "pytest-flake8-1.0.7.tar.gz", hash = "sha256:f0259761a903563f33d6f099914afef339c085085e643bee8343eb323b32dd6b"},
    {file = "pytest_flake8-1.0.7-py2.py3-none-any.whl", hash = "sha256:c28cf23e7d359753c896745fd4ba859495d02e16c84bac36caa8b1eec58f5bc1"},
]
pytest-forked = [
    {file = "pytest-forked-1.3.0.tar.gz", hash = "sha256:6aa9ac7e00ad1a539c41bec6d21011332de671e938c7637378ec9710204e37ca"},
    {file = "pytest_forked-1.3.0-py2.py3-none-any.whl", hash = "sha256:dc4147784048e70ef5d437951728825a131b81714b398d5d52f17c7c144d8815"},
]
pytest-xdist = [
    {file = "pytest-xdist-2.4.0.tar.gz", hash = "sha256:89b330316f7fc475f999c81b577c2b926c9569f3d397ae432c0c2e2496d61ff9"},
    {file = "pytest_xdist-2.4.0-py3-none-any.whl", hash = "sha256:7b61ebb46997a0820a263553179d6d1e25a8c50d8a8620cd1aa1e20e3be99168"},
]
python-sat = [
    {file = "python-sat-0.1.7.dev11.tar.gz", hash = "sha256:6cdc11cbae92d4e48c66816c8cbf34b30e5466aaa97ed37f862699f9af043ac4"},
    {file = "python_sat-0.1.7.dev11-cp27-cp27m-manylinux1_i686.whl", hash = "sha256:104a9f88b7ba1fd865f69eb147e8de266d6071f2b386285441070f65ead09951"},
    {file = "python_sat-0.1.7.dev11-cp27-cp27m-manylinux1_x86_64.whl", hash = "sha256:192c922919f385a395b7759e63c762f14c09a3cdf133250ba5b57df1c3d2e1d6"},
    {file = "python_sat-0.1.7.dev11-cp27-cp27mu-manylinux1_i686.whl", hash = "sha256:d8757795d40c2c0628e035693c988cdc78eeb3244e3ca10839cccffffbd92ab2"},
    {file = "python_sat-0.1.7.dev11-cp27-cp27mu-manylinux1_x86_64.whl", hash = "sha256:8b0af9cebd3627e4d2fc955bbc00b205ae6abbc377d43422a9f8562d56fb39da"},
    {file = "python_sat-0.1.7.dev11-cp310-cp310-macosx_11_0_x86_64.whl", hash = "sha256:115f398bb898affe607a8835c00afacbeb713675d34df2c7f6b1224b4d496832"},
    {file = "python_sat-0.1.7.dev11-cp310-cp310-manylinux_2_17_aarch64.manylinux2014_aarch64.whl", hash = "sha256:559e1bb59b952d4bfcb2fee93d926453870f8d10df6d7ed550707b34d90e7d9d"},
    {file = "python_sat-0.1.7.dev11-cp35-cp35m-manylinux1_i686.whl", hash = "sha256:dd0a57c09eff56e874db5c9f9eb6a406434473e617d9d4c47997ea91626f7353"},
    {file = "python_sat-0.1.7.dev11-cp35-cp35m-manylinux1_x86_64.whl", hash = "sha256:e6efa2f2e7dbe5118f6cd75e482a5e3b115923e6d481b8f0779767cd9db5d1b9"},
    {file = "python_sat-0.1.7.dev11-cp35-cp35m-manylinux2010_x86_64.whl", hash = "sha256:ff2b36481c3dcf55327984ad0e3aba22616dc3caf7a32bd11b26847686a336bb"},
    {file = "python_sat-0.1.7.dev11-cp36-cp36m-manylinux1_i686.whl", hash = "sha256:38b61c4b4f13e51a74ef4b499c69be0b55980d13731d187bcc8d129ab0988333"},
    {file = "python_sat-0.1.7.dev11-cp36-cp36m-manylinux1_x86_64.whl", hash = "sha256:fd97e677dbcbcbc525df12be4f656df04964321e0aff27ba187966938d72383c"},
    {file = "python_sat-0.1.7.dev11-cp36-cp36m-manylinux2010_x86_64.whl", hash = "sha256:e4125e03431af3e9fe288b956d98fb532827330321929708e453ef19e8785d1d"},
    {file = "python_sat-0.1.7.dev11-cp36-cp36m-manylinux_2_17_aarch64.manylinux2014_aarch64.whl", hash = "sha256:471541a683bad3efa188a45a5c6de4bcd1d2667e0587624264d552ff336b0ad3"},
    {file = "python_sat-0.1.7.dev11-cp36-cp36m-win_amd64.whl", hash = "sha256:14e15fa5f1b1764bf96406844791da29a684734daafb373c83364fae090bd2f5"},
    {file = "python_sat-0.1.7.dev11-cp37-cp37m-macosx_11_0_x86_64.whl", hash = "sha256:54990ebb1e93804a12a67a04e0c0a220b47a9d62d02c8823e063dfb0c6009a48"},
    {file = "python_sat-0.1.7.dev11-cp37-cp37m-manylinux1_i686.whl", hash = "sha256:51d320f5d0b7aa8fe41a1ad95d6499ed87d63fa8b5084f9d32285dc207065725"},
    {file = "python_sat-0.1.7.dev11-cp37-cp37m-manylinux1_x86_64.whl", hash = "sha256:37cacd1f7d334eea2e13727bb51fdd96ec374c156935a235f11d51b023e4fa8e"},
    {file = "python_sat-0.1.7.dev11-cp37-cp37m-manylinux2010_x86_64.whl", hash = "sha256:00e302cae56833b1c34e5f79648fa26cdece10f0cbea0a21aefde10ea9c29986"},
    {file = "python_sat-0.1.7.dev11-cp37-cp37m-manylinux_2_17_aarch64.manylinux2014_aarch64.whl", hash = "sha256:a5c63744146ddd629e6128bb9adde04622d3ab13cbd09a09daa651b3eaec9f75"},
    {file = "python_sat-0.1.7.dev11-cp37-cp37m-win_amd64.whl", hash = "sha256:ace48b2f5402ac1ba869bc7cea17739c64e4f1ef2a6b62a559c11e62b2376278"},
    {file = "python_sat-0.1.7.dev11-cp38-cp38-macosx_11_0_x86_64.whl", hash = "sha256:6d3dd37c429c6a45874b3c000ccdc0954c01a8a6652ae5389c2603984e0b609a"},
    {file = "python_sat-0.1.7.dev11-cp38-cp38-manylinux1_i686.whl", hash = "sha256:7e53a3e28de98f5ead392b7040a6645b97f500d47e57cdcfd1ad6c2afc2999bc"},
    {file = "python_sat-0.1.7.dev11-cp38-cp38-manylinux1_x86_64.whl", hash = "sha256:baa3fc90469dd811c10a4169a8350af5f00eb7f2003102cd3439991a79d2a5f2"},
    {file = "python_sat-0.1.7.dev11-cp38-cp38-manylinux2010_x86_64.whl", hash = "sha256:a3b0f6d2c1e88a625f8d1ebd19b133eccd9735b6eb97015ebf0fa75d09748f68"},
    {file = "python_sat-0.1.7.dev11-cp38-cp38-manylinux_2_17_aarch64.manylinux2014_aarch64.whl", hash = "sha256:fcbef31b86bf5d48347f16976f9c99e5dc54777098e33474912bdae09883c0f3"},
    {file = "python_sat-0.1.7.dev11-cp38-cp38-win_amd64.whl", hash = "sha256:e3ad152e8e9340bc5674f58793efe617722e0654298f2cb869837b7802dca31b"},
    {file = "python_sat-0.1.7.dev11-cp39-cp39-macosx_11_0_x86_64.whl", hash = "sha256:4fda17986df93a0d70c6631d9a0abfaa3db765aecf4e3f3475552012fea91ac8"},
    {file = "python_sat-0.1.7.dev11-cp39-cp39-manylinux1_i686.whl", hash = "sha256:e1fe6067fdab81382d9b5df637166afe9694bbbf0f4660242cb82f3c0412d71e"},
    {file = "python_sat-0.1.7.dev11-cp39-cp39-manylinux1_x86_64.whl", hash = "sha256:bc2ab59ce3d933901bffd938c0db85390bb50f9b620e7063aeda04de49fd0848"},
    {file = "python_sat-0.1.7.dev11-cp39-cp39-manylinux2010_x86_64.whl", hash = "sha256:31e6c8e4d41ee8b7e0fba0a1c7986e3caccfa17ed7bebc9d4972f4ba063b0e76"},
    {file = "python_sat-0.1.7.dev11-cp39-cp39-manylinux_2_17_aarch64.manylinux2014_aarch64.whl", hash = "sha256:f54333b22504494a541fa36e393db18eae6b4ec15223b5db2a07c046ad4254f5"},
    {file = "python_sat-0.1.7.dev11-cp39-cp39-win_amd64.whl", hash = "sha256:781a58b4f6abffc1c1525064acf6ffb525768df2b7bb6422a4d9babb56e28df8"},
    {file = "python_sat-0.1.7.dev11-pp37-pypy37_pp73-manylinux_2_17_aarch64.manylinux2014_aarch64.whl", hash = "sha256:d80ed5c79b3daf6fc29e4467159bd45d69bef45b24cf6aceac289cd358db7dda"},
]
six = [
    {file = "six-1.16.0-py2.py3-none-any.whl", hash = "sha256:8abb2f1d86890a2dfb989f9a77cfcfd3e47c2a354b01111771326f8aa26e0254"},
    {file = "six-1.16.0.tar.gz", hash = "sha256:1e61c37477a1626458e36f7b1d82aa5c9b094fa4802892072e49de9c60c4c926"},
]
toml = [
    {file = "toml-0.10.2-py2.py3-none-any.whl", hash = "sha256:806143ae5bfb6a3c6e736a764057db0e6a0e05e338b5630894a5f779cabb4f9b"},
    {file = "toml-0.10.2.tar.gz", hash = "sha256:b3bda1d108d5dd99f4a20d24d9c348e91c4db7ab1b749200bded2f839ccbe68f"},
]
